// !$*UTF8*$!
{
	archiveVersion = 1;
	classes = {
	};
	objectVersion = 46;
	objects = {

/* Begin PBXBuildFile section */
		35288D111DB1674F007D5840 /* QuickSort.swift in Sources */ = {isa = PBXBuildFile; fileRef = 35288D101DB1674F007D5840 /* QuickSort.swift */; };
		35288D121DB1674F007D5840 /* QuickSort.swift in Sources */ = {isa = PBXBuildFile; fileRef = 35288D101DB1674F007D5840 /* QuickSort.swift */; };
		35288D131DB1674F007D5840 /* QuickSort.swift in Sources */ = {isa = PBXBuildFile; fileRef = 35288D101DB1674F007D5840 /* QuickSort.swift */; };
		35288D141DB1674F007D5840 /* QuickSort.swift in Sources */ = {isa = PBXBuildFile; fileRef = 35288D101DB1674F007D5840 /* QuickSort.swift */; };
		35288D161DB16756007D5840 /* MergeSort.swift in Sources */ = {isa = PBXBuildFile; fileRef = 35288D151DB16756007D5840 /* MergeSort.swift */; };
		35288D171DB16756007D5840 /* MergeSort.swift in Sources */ = {isa = PBXBuildFile; fileRef = 35288D151DB16756007D5840 /* MergeSort.swift */; };
		35288D181DB16756007D5840 /* MergeSort.swift in Sources */ = {isa = PBXBuildFile; fileRef = 35288D151DB16756007D5840 /* MergeSort.swift */; };
		35288D191DB16756007D5840 /* MergeSort.swift in Sources */ = {isa = PBXBuildFile; fileRef = 35288D151DB16756007D5840 /* MergeSort.swift */; };
		35288D1B1DB1675F007D5840 /* SelectionSort.swift in Sources */ = {isa = PBXBuildFile; fileRef = 35288D1A1DB1675F007D5840 /* SelectionSort.swift */; };
		35288D1C1DB1675F007D5840 /* SelectionSort.swift in Sources */ = {isa = PBXBuildFile; fileRef = 35288D1A1DB1675F007D5840 /* SelectionSort.swift */; };
		35288D1D1DB1675F007D5840 /* SelectionSort.swift in Sources */ = {isa = PBXBuildFile; fileRef = 35288D1A1DB1675F007D5840 /* SelectionSort.swift */; };
		35288D1E1DB1675F007D5840 /* SelectionSort.swift in Sources */ = {isa = PBXBuildFile; fileRef = 35288D1A1DB1675F007D5840 /* SelectionSort.swift */; };
		35288D201DB16766007D5840 /* InsertionSort.swift in Sources */ = {isa = PBXBuildFile; fileRef = 35288D1F1DB16766007D5840 /* InsertionSort.swift */; };
		35288D211DB16766007D5840 /* InsertionSort.swift in Sources */ = {isa = PBXBuildFile; fileRef = 35288D1F1DB16766007D5840 /* InsertionSort.swift */; };
		35288D221DB16766007D5840 /* InsertionSort.swift in Sources */ = {isa = PBXBuildFile; fileRef = 35288D1F1DB16766007D5840 /* InsertionSort.swift */; };
		35288D231DB16766007D5840 /* InsertionSort.swift in Sources */ = {isa = PBXBuildFile; fileRef = 35288D1F1DB16766007D5840 /* InsertionSort.swift */; };
		35288D251DB16772007D5840 /* BubbleSort.swift in Sources */ = {isa = PBXBuildFile; fileRef = 35288D241DB16772007D5840 /* BubbleSort.swift */; };
		35288D261DB16772007D5840 /* BubbleSort.swift in Sources */ = {isa = PBXBuildFile; fileRef = 35288D241DB16772007D5840 /* BubbleSort.swift */; };
		35288D271DB16772007D5840 /* BubbleSort.swift in Sources */ = {isa = PBXBuildFile; fileRef = 35288D241DB16772007D5840 /* BubbleSort.swift */; };
		35288D281DB16772007D5840 /* BubbleSort.swift in Sources */ = {isa = PBXBuildFile; fileRef = 35288D241DB16772007D5840 /* BubbleSort.swift */; };
		35288D2B1DB16799007D5840 /* LinearSearch.swift in Sources */ = {isa = PBXBuildFile; fileRef = 35288D2A1DB16799007D5840 /* LinearSearch.swift */; };
		35288D2C1DB16799007D5840 /* LinearSearch.swift in Sources */ = {isa = PBXBuildFile; fileRef = 35288D2A1DB16799007D5840 /* LinearSearch.swift */; };
		35288D2D1DB16799007D5840 /* LinearSearch.swift in Sources */ = {isa = PBXBuildFile; fileRef = 35288D2A1DB16799007D5840 /* LinearSearch.swift */; };
		35288D2E1DB16799007D5840 /* LinearSearch.swift in Sources */ = {isa = PBXBuildFile; fileRef = 35288D2A1DB16799007D5840 /* LinearSearch.swift */; };
		35288D301DB167A9007D5840 /* BinarySearch.swift in Sources */ = {isa = PBXBuildFile; fileRef = 35288D2F1DB167A9007D5840 /* BinarySearch.swift */; };
		35288D311DB167A9007D5840 /* BinarySearch.swift in Sources */ = {isa = PBXBuildFile; fileRef = 35288D2F1DB167A9007D5840 /* BinarySearch.swift */; };
		35288D321DB167A9007D5840 /* BinarySearch.swift in Sources */ = {isa = PBXBuildFile; fileRef = 35288D2F1DB167A9007D5840 /* BinarySearch.swift */; };
		35288D331DB167A9007D5840 /* BinarySearch.swift in Sources */ = {isa = PBXBuildFile; fileRef = 35288D2F1DB167A9007D5840 /* BinarySearch.swift */; };
		3535EF1720A9EBDD009819CF /* CharacterExtensions.swift in Sources */ = {isa = PBXBuildFile; fileRef = 3535EF1620A9EBDD009819CF /* CharacterExtensions.swift */; };
		3535EF1820A9EBDD009819CF /* CharacterExtensions.swift in Sources */ = {isa = PBXBuildFile; fileRef = 3535EF1620A9EBDD009819CF /* CharacterExtensions.swift */; };
		3535EF1920A9EBDD009819CF /* CharacterExtensions.swift in Sources */ = {isa = PBXBuildFile; fileRef = 3535EF1620A9EBDD009819CF /* CharacterExtensions.swift */; };
		3535EF1A20A9EBDD009819CF /* CharacterExtensions.swift in Sources */ = {isa = PBXBuildFile; fileRef = 3535EF1620A9EBDD009819CF /* CharacterExtensions.swift */; };
		3535EF1C20AA9298009819CF /* StringExtensions.swift in Sources */ = {isa = PBXBuildFile; fileRef = 3535EF1B20AA9298009819CF /* StringExtensions.swift */; };
		3535EF1D20AA9298009819CF /* StringExtensions.swift in Sources */ = {isa = PBXBuildFile; fileRef = 3535EF1B20AA9298009819CF /* StringExtensions.swift */; };
		3535EF1E20AA9298009819CF /* StringExtensions.swift in Sources */ = {isa = PBXBuildFile; fileRef = 3535EF1B20AA9298009819CF /* StringExtensions.swift */; };
		3535EF1F20AA9298009819CF /* StringExtensions.swift in Sources */ = {isa = PBXBuildFile; fileRef = 3535EF1B20AA9298009819CF /* StringExtensions.swift */; };
		3549BB501DA38A2000C63030 /* SwiftDataStructures.h in Headers */ = {isa = PBXBuildFile; fileRef = 3549BB181DA3890B00C63030 /* SwiftDataStructures.h */; settings = {ATTRIBUTES = (Public, ); }; };
		3549BB511DA38A2000C63030 /* SwiftDataStructures.h in Headers */ = {isa = PBXBuildFile; fileRef = 3549BB181DA3890B00C63030 /* SwiftDataStructures.h */; settings = {ATTRIBUTES = (Public, ); }; };
		3549BB521DA38A2100C63030 /* SwiftDataStructures.h in Headers */ = {isa = PBXBuildFile; fileRef = 3549BB181DA3890B00C63030 /* SwiftDataStructures.h */; settings = {ATTRIBUTES = (Public, ); }; };
		3549BB531DA38A2200C63030 /* SwiftDataStructures.h in Headers */ = {isa = PBXBuildFile; fileRef = 3549BB181DA3890B00C63030 /* SwiftDataStructures.h */; settings = {ATTRIBUTES = (Public, ); }; };
		3549BB561DA38A5E00C63030 /* Info-tvOS.plist in Resources */ = {isa = PBXBuildFile; fileRef = 3549BB551DA38A5E00C63030 /* Info-tvOS.plist */; };
		3549BB591DA38A8800C63030 /* Info-tvOS.plist in Resources */ = {isa = PBXBuildFile; fileRef = 3549BB571DA38A8800C63030 /* Info-tvOS.plist */; };
		3549BB5A1DA38A8800C63030 /* Info.plist in Resources */ = {isa = PBXBuildFile; fileRef = 3549BB581DA38A8800C63030 /* Info.plist */; };
		3549BB661DA38ADB00C63030 /* SwiftDataStructures.framework in Frameworks */ = {isa = PBXBuildFile; fileRef = 3549BB211DA389CD00C63030 /* SwiftDataStructures.framework */; };
		3549BB751DA38AEF00C63030 /* SwiftDataStructures.framework in Frameworks */ = {isa = PBXBuildFile; fileRef = 3549BB481DA389F300C63030 /* SwiftDataStructures.framework */; };
		3549BB841DA38B0000C63030 /* SwiftDataStructures.framework in Frameworks */ = {isa = PBXBuildFile; fileRef = 3549BB3B1DA389E800C63030 /* SwiftDataStructures.framework */; };
		3549BB8B1DA38C0A00C63030 /* SwiftDataStructuresSpec.swift in Sources */ = {isa = PBXBuildFile; fileRef = 3549BB8A1DA38C0A00C63030 /* SwiftDataStructuresSpec.swift */; };
		3549BB8C1DA38C0A00C63030 /* SwiftDataStructuresSpec.swift in Sources */ = {isa = PBXBuildFile; fileRef = 3549BB8A1DA38C0A00C63030 /* SwiftDataStructuresSpec.swift */; };
		3549BB8D1DA38C0A00C63030 /* SwiftDataStructuresSpec.swift in Sources */ = {isa = PBXBuildFile; fileRef = 3549BB8A1DA38C0A00C63030 /* SwiftDataStructuresSpec.swift */; };
		3558E2D31DAF721200CF3369 /* LinkedList.swift in Sources */ = {isa = PBXBuildFile; fileRef = 3558E2D21DAF721200CF3369 /* LinkedList.swift */; };
		3558E2D41DAF721200CF3369 /* LinkedList.swift in Sources */ = {isa = PBXBuildFile; fileRef = 3558E2D21DAF721200CF3369 /* LinkedList.swift */; };
		3558E2D51DAF721200CF3369 /* LinkedList.swift in Sources */ = {isa = PBXBuildFile; fileRef = 3558E2D21DAF721200CF3369 /* LinkedList.swift */; };
		3558E2D61DAF721200CF3369 /* LinkedList.swift in Sources */ = {isa = PBXBuildFile; fileRef = 3558E2D21DAF721200CF3369 /* LinkedList.swift */; };
		3558E2D81DAF723A00CF3369 /* LinkedListSpec.swift in Sources */ = {isa = PBXBuildFile; fileRef = 3558E2D71DAF723A00CF3369 /* LinkedListSpec.swift */; };
		3558E2D91DAF723A00CF3369 /* LinkedListSpec.swift in Sources */ = {isa = PBXBuildFile; fileRef = 3558E2D71DAF723A00CF3369 /* LinkedListSpec.swift */; };
		3558E2DA1DAF723A00CF3369 /* LinkedListSpec.swift in Sources */ = {isa = PBXBuildFile; fileRef = 3558E2D71DAF723A00CF3369 /* LinkedListSpec.swift */; };
		355AA0A81DA5498F004C69BF /* Nimble.framework in Frameworks */ = {isa = PBXBuildFile; fileRef = 357D95571DA3F32600AEC55F /* Nimble.framework */; };
		355AA0A91DA5498F004C69BF /* Quick.framework in Frameworks */ = {isa = PBXBuildFile; fileRef = 357D95581DA3F32600AEC55F /* Quick.framework */; };
		355AA0AA1DA5499C004C69BF /* Nimble.framework in Frameworks */ = {isa = PBXBuildFile; fileRef = 357D954D1DA3F2E000AEC55F /* Nimble.framework */; };
		355AA0AB1DA5499C004C69BF /* Quick.framework in Frameworks */ = {isa = PBXBuildFile; fileRef = 357D954E1DA3F2E000AEC55F /* Quick.framework */; };
		355AA0AC1DA549A8004C69BF /* Nimble.framework in Frameworks */ = {isa = PBXBuildFile; fileRef = 357D95471DA3F2AB00AEC55F /* Nimble.framework */; };
		355AA0AD1DA549A8004C69BF /* Quick.framework in Frameworks */ = {isa = PBXBuildFile; fileRef = 357D95481DA3F2AB00AEC55F /* Quick.framework */; };
		357D95491DA3F2AB00AEC55F /* Nimble.framework in Embed Frameworks */ = {isa = PBXBuildFile; fileRef = 357D95471DA3F2AB00AEC55F /* Nimble.framework */; settings = {ATTRIBUTES = (CodeSignOnCopy, RemoveHeadersOnCopy, ); }; };
		357D954A1DA3F2AB00AEC55F /* Quick.framework in Embed Frameworks */ = {isa = PBXBuildFile; fileRef = 357D95481DA3F2AB00AEC55F /* Quick.framework */; settings = {ATTRIBUTES = (CodeSignOnCopy, RemoveHeadersOnCopy, ); }; };
		357D954F1DA3F2E000AEC55F /* Nimble.framework in Embed Frameworks */ = {isa = PBXBuildFile; fileRef = 357D954D1DA3F2E000AEC55F /* Nimble.framework */; settings = {ATTRIBUTES = (CodeSignOnCopy, RemoveHeadersOnCopy, ); }; };
		357D95501DA3F2E000AEC55F /* Quick.framework in Embed Frameworks */ = {isa = PBXBuildFile; fileRef = 357D954E1DA3F2E000AEC55F /* Quick.framework */; settings = {ATTRIBUTES = (CodeSignOnCopy, RemoveHeadersOnCopy, ); }; };
		357D95591DA3F32600AEC55F /* Nimble.framework in Embed Frameworks */ = {isa = PBXBuildFile; fileRef = 357D95571DA3F32600AEC55F /* Nimble.framework */; settings = {ATTRIBUTES = (CodeSignOnCopy, RemoveHeadersOnCopy, ); }; };
		357D955A1DA3F32600AEC55F /* Quick.framework in Embed Frameworks */ = {isa = PBXBuildFile; fileRef = 357D95581DA3F32600AEC55F /* Quick.framework */; settings = {ATTRIBUTES = (CodeSignOnCopy, RemoveHeadersOnCopy, ); }; };
		35F636781DB0F20100AF4E94 /* Tree.swift in Sources */ = {isa = PBXBuildFile; fileRef = 35F636771DB0F20100AF4E94 /* Tree.swift */; };
		35F636791DB0F20100AF4E94 /* Tree.swift in Sources */ = {isa = PBXBuildFile; fileRef = 35F636771DB0F20100AF4E94 /* Tree.swift */; };
		35F6367A1DB0F20100AF4E94 /* Tree.swift in Sources */ = {isa = PBXBuildFile; fileRef = 35F636771DB0F20100AF4E94 /* Tree.swift */; };
		35F6367B1DB0F20100AF4E94 /* Tree.swift in Sources */ = {isa = PBXBuildFile; fileRef = 35F636771DB0F20100AF4E94 /* Tree.swift */; };
		35F6367D1DB0F3E400AF4E94 /* StackLinkedList.swift in Sources */ = {isa = PBXBuildFile; fileRef = 35F6367C1DB0F3E400AF4E94 /* StackLinkedList.swift */; };
		35F6367E1DB0F3E400AF4E94 /* StackLinkedList.swift in Sources */ = {isa = PBXBuildFile; fileRef = 35F6367C1DB0F3E400AF4E94 /* StackLinkedList.swift */; };
		35F6367F1DB0F3E400AF4E94 /* StackLinkedList.swift in Sources */ = {isa = PBXBuildFile; fileRef = 35F6367C1DB0F3E400AF4E94 /* StackLinkedList.swift */; };
		35F636801DB0F3E400AF4E94 /* StackLinkedList.swift in Sources */ = {isa = PBXBuildFile; fileRef = 35F6367C1DB0F3E400AF4E94 /* StackLinkedList.swift */; };
		35F636821DB0F3EB00AF4E94 /* StackArray.swift in Sources */ = {isa = PBXBuildFile; fileRef = 35F636811DB0F3EB00AF4E94 /* StackArray.swift */; };
		35F636831DB0F3EB00AF4E94 /* StackArray.swift in Sources */ = {isa = PBXBuildFile; fileRef = 35F636811DB0F3EB00AF4E94 /* StackArray.swift */; };
		35F636841DB0F3EB00AF4E94 /* StackArray.swift in Sources */ = {isa = PBXBuildFile; fileRef = 35F636811DB0F3EB00AF4E94 /* StackArray.swift */; };
		35F636851DB0F3EB00AF4E94 /* StackArray.swift in Sources */ = {isa = PBXBuildFile; fileRef = 35F636811DB0F3EB00AF4E94 /* StackArray.swift */; };
		35F636871DB0F3F100AF4E94 /* QueueLinkedList.swift in Sources */ = {isa = PBXBuildFile; fileRef = 35F636861DB0F3F100AF4E94 /* QueueLinkedList.swift */; };
		35F636881DB0F3F100AF4E94 /* QueueLinkedList.swift in Sources */ = {isa = PBXBuildFile; fileRef = 35F636861DB0F3F100AF4E94 /* QueueLinkedList.swift */; };
		35F636891DB0F3F100AF4E94 /* QueueLinkedList.swift in Sources */ = {isa = PBXBuildFile; fileRef = 35F636861DB0F3F100AF4E94 /* QueueLinkedList.swift */; };
		35F6368A1DB0F3F100AF4E94 /* QueueLinkedList.swift in Sources */ = {isa = PBXBuildFile; fileRef = 35F636861DB0F3F100AF4E94 /* QueueLinkedList.swift */; };
		35F6368C1DB0F3F800AF4E94 /* QueueArray.swift in Sources */ = {isa = PBXBuildFile; fileRef = 35F6368B1DB0F3F800AF4E94 /* QueueArray.swift */; };
		35F6368D1DB0F3F800AF4E94 /* QueueArray.swift in Sources */ = {isa = PBXBuildFile; fileRef = 35F6368B1DB0F3F800AF4E94 /* QueueArray.swift */; };
		35F6368E1DB0F3F800AF4E94 /* QueueArray.swift in Sources */ = {isa = PBXBuildFile; fileRef = 35F6368B1DB0F3F800AF4E94 /* QueueArray.swift */; };
		35F6368F1DB0F3F800AF4E94 /* QueueArray.swift in Sources */ = {isa = PBXBuildFile; fileRef = 35F6368B1DB0F3F800AF4E94 /* QueueArray.swift */; };
		35F6369F1DB0F5C300AF4E94 /* LinkedListNode.swift in Sources */ = {isa = PBXBuildFile; fileRef = 35F6369E1DB0F5C300AF4E94 /* LinkedListNode.swift */; };
		35F636A01DB0F5C300AF4E94 /* LinkedListNode.swift in Sources */ = {isa = PBXBuildFile; fileRef = 35F6369E1DB0F5C300AF4E94 /* LinkedListNode.swift */; };
		35F636A11DB0F5C300AF4E94 /* LinkedListNode.swift in Sources */ = {isa = PBXBuildFile; fileRef = 35F6369E1DB0F5C300AF4E94 /* LinkedListNode.swift */; };
		35F636A21DB0F5C300AF4E94 /* LinkedListNode.swift in Sources */ = {isa = PBXBuildFile; fileRef = 35F6369E1DB0F5C300AF4E94 /* LinkedListNode.swift */; };
		35F636A41DB0F5D700AF4E94 /* BinaryTreeNode.swift in Sources */ = {isa = PBXBuildFile; fileRef = 35F636A31DB0F5D700AF4E94 /* BinaryTreeNode.swift */; };
		35F636A51DB0F5D700AF4E94 /* BinaryTreeNode.swift in Sources */ = {isa = PBXBuildFile; fileRef = 35F636A31DB0F5D700AF4E94 /* BinaryTreeNode.swift */; };
		35F636A61DB0F5D700AF4E94 /* BinaryTreeNode.swift in Sources */ = {isa = PBXBuildFile; fileRef = 35F636A31DB0F5D700AF4E94 /* BinaryTreeNode.swift */; };
		35F636A71DB0F5D700AF4E94 /* BinaryTreeNode.swift in Sources */ = {isa = PBXBuildFile; fileRef = 35F636A31DB0F5D700AF4E94 /* BinaryTreeNode.swift */; };
		35F636A91DB0F5DD00AF4E94 /* TreeNode.swift in Sources */ = {isa = PBXBuildFile; fileRef = 35F636A81DB0F5DD00AF4E94 /* TreeNode.swift */; };
		35F636AA1DB0F5DD00AF4E94 /* TreeNode.swift in Sources */ = {isa = PBXBuildFile; fileRef = 35F636A81DB0F5DD00AF4E94 /* TreeNode.swift */; };
		35F636AB1DB0F5DD00AF4E94 /* TreeNode.swift in Sources */ = {isa = PBXBuildFile; fileRef = 35F636A81DB0F5DD00AF4E94 /* TreeNode.swift */; };
		35F636AC1DB0F5DD00AF4E94 /* TreeNode.swift in Sources */ = {isa = PBXBuildFile; fileRef = 35F636A81DB0F5DD00AF4E94 /* TreeNode.swift */; };
		35F636AE1DB0F65B00AF4E94 /* BinarySearchTree.swift in Sources */ = {isa = PBXBuildFile; fileRef = 35F636AD1DB0F65B00AF4E94 /* BinarySearchTree.swift */; };
		35F636AF1DB0F65B00AF4E94 /* BinarySearchTree.swift in Sources */ = {isa = PBXBuildFile; fileRef = 35F636AD1DB0F65B00AF4E94 /* BinarySearchTree.swift */; };
		35F636B01DB0F65B00AF4E94 /* BinarySearchTree.swift in Sources */ = {isa = PBXBuildFile; fileRef = 35F636AD1DB0F65B00AF4E94 /* BinarySearchTree.swift */; };
		35F636B11DB0F65B00AF4E94 /* BinarySearchTree.swift in Sources */ = {isa = PBXBuildFile; fileRef = 35F636AD1DB0F65B00AF4E94 /* BinarySearchTree.swift */; };
		35F636B31DB0FA7500AF4E94 /* StackArraySpec.swift in Sources */ = {isa = PBXBuildFile; fileRef = 35F636B21DB0FA7500AF4E94 /* StackArraySpec.swift */; };
		35F636B41DB0FA7500AF4E94 /* StackArraySpec.swift in Sources */ = {isa = PBXBuildFile; fileRef = 35F636B21DB0FA7500AF4E94 /* StackArraySpec.swift */; };
		35F636B51DB0FA7600AF4E94 /* StackArraySpec.swift in Sources */ = {isa = PBXBuildFile; fileRef = 35F636B21DB0FA7500AF4E94 /* StackArraySpec.swift */; };
		35F636B71DB0FA7D00AF4E94 /* StackLinkedListSpec.swift in Sources */ = {isa = PBXBuildFile; fileRef = 35F636B61DB0FA7D00AF4E94 /* StackLinkedListSpec.swift */; };
		35F636B81DB0FA7D00AF4E94 /* StackLinkedListSpec.swift in Sources */ = {isa = PBXBuildFile; fileRef = 35F636B61DB0FA7D00AF4E94 /* StackLinkedListSpec.swift */; };
		35F636B91DB0FA7D00AF4E94 /* StackLinkedListSpec.swift in Sources */ = {isa = PBXBuildFile; fileRef = 35F636B61DB0FA7D00AF4E94 /* StackLinkedListSpec.swift */; };
		35F636BB1DB0FA8700AF4E94 /* QueueLinkedListSpec.swift in Sources */ = {isa = PBXBuildFile; fileRef = 35F636BA1DB0FA8700AF4E94 /* QueueLinkedListSpec.swift */; };
		35F636BC1DB0FA8700AF4E94 /* QueueLinkedListSpec.swift in Sources */ = {isa = PBXBuildFile; fileRef = 35F636BA1DB0FA8700AF4E94 /* QueueLinkedListSpec.swift */; };
		35F636BD1DB0FA8700AF4E94 /* QueueLinkedListSpec.swift in Sources */ = {isa = PBXBuildFile; fileRef = 35F636BA1DB0FA8700AF4E94 /* QueueLinkedListSpec.swift */; };
		35F636BF1DB0FA8E00AF4E94 /* QueueArraySpec.swift in Sources */ = {isa = PBXBuildFile; fileRef = 35F636BE1DB0FA8E00AF4E94 /* QueueArraySpec.swift */; };
		35F636C01DB0FA8E00AF4E94 /* QueueArraySpec.swift in Sources */ = {isa = PBXBuildFile; fileRef = 35F636BE1DB0FA8E00AF4E94 /* QueueArraySpec.swift */; };
		35F636C11DB0FA8E00AF4E94 /* QueueArraySpec.swift in Sources */ = {isa = PBXBuildFile; fileRef = 35F636BE1DB0FA8E00AF4E94 /* QueueArraySpec.swift */; };
		35F636C31DB0FA9400AF4E94 /* TreeSpec.swift in Sources */ = {isa = PBXBuildFile; fileRef = 35F636C21DB0FA9400AF4E94 /* TreeSpec.swift */; };
		35F636C41DB0FA9400AF4E94 /* TreeSpec.swift in Sources */ = {isa = PBXBuildFile; fileRef = 35F636C21DB0FA9400AF4E94 /* TreeSpec.swift */; };
		35F636C51DB0FA9400AF4E94 /* TreeSpec.swift in Sources */ = {isa = PBXBuildFile; fileRef = 35F636C21DB0FA9400AF4E94 /* TreeSpec.swift */; };
		35F636C71DB0FA9B00AF4E94 /* BinaryTreeSpec.swift in Sources */ = {isa = PBXBuildFile; fileRef = 35F636C61DB0FA9B00AF4E94 /* BinaryTreeSpec.swift */; };
		35F636C81DB0FA9B00AF4E94 /* BinaryTreeSpec.swift in Sources */ = {isa = PBXBuildFile; fileRef = 35F636C61DB0FA9B00AF4E94 /* BinaryTreeSpec.swift */; };
		35F636C91DB0FA9B00AF4E94 /* BinaryTreeSpec.swift in Sources */ = {isa = PBXBuildFile; fileRef = 35F636C61DB0FA9B00AF4E94 /* BinaryTreeSpec.swift */; };
		35F636CB1DB0FAA900AF4E94 /* BinarySearchTreeSpec.swift in Sources */ = {isa = PBXBuildFile; fileRef = 35F636CA1DB0FAA900AF4E94 /* BinarySearchTreeSpec.swift */; };
		35F636CC1DB0FAA900AF4E94 /* BinarySearchTreeSpec.swift in Sources */ = {isa = PBXBuildFile; fileRef = 35F636CA1DB0FAA900AF4E94 /* BinarySearchTreeSpec.swift */; };
		35F636CD1DB0FAA900AF4E94 /* BinarySearchTreeSpec.swift in Sources */ = {isa = PBXBuildFile; fileRef = 35F636CA1DB0FAA900AF4E94 /* BinarySearchTreeSpec.swift */; };
		35F636D31DB0FAC900AF4E94 /* TreeNodeSpec.swift in Sources */ = {isa = PBXBuildFile; fileRef = 35F636D21DB0FAC900AF4E94 /* TreeNodeSpec.swift */; };
		35F636D41DB0FAC900AF4E94 /* TreeNodeSpec.swift in Sources */ = {isa = PBXBuildFile; fileRef = 35F636D21DB0FAC900AF4E94 /* TreeNodeSpec.swift */; };
		35F636D51DB0FAC900AF4E94 /* TreeNodeSpec.swift in Sources */ = {isa = PBXBuildFile; fileRef = 35F636D21DB0FAC900AF4E94 /* TreeNodeSpec.swift */; };
		35F636D71DB0FAD200AF4E94 /* BinaryTreeNodeSpec.swift in Sources */ = {isa = PBXBuildFile; fileRef = 35F636D61DB0FAD200AF4E94 /* BinaryTreeNodeSpec.swift */; };
		35F636D81DB0FAD200AF4E94 /* BinaryTreeNodeSpec.swift in Sources */ = {isa = PBXBuildFile; fileRef = 35F636D61DB0FAD200AF4E94 /* BinaryTreeNodeSpec.swift */; };
		35F636D91DB0FAD200AF4E94 /* BinaryTreeNodeSpec.swift in Sources */ = {isa = PBXBuildFile; fileRef = 35F636D61DB0FAD200AF4E94 /* BinaryTreeNodeSpec.swift */; };
/* End PBXBuildFile section */

/* Begin PBXContainerItemProxy section */
		3549BB671DA38ADB00C63030 /* PBXContainerItemProxy */ = {
			isa = PBXContainerItemProxy;
			containerPortal = 3549BAFC1DA387DB00C63030 /* Project object */;
			proxyType = 1;
			remoteGlobalIDString = 3549BB201DA389CD00C63030;
			remoteInfo = "SwiftDataStructures-iOS";
		};
		3549BB761DA38AEF00C63030 /* PBXContainerItemProxy */ = {
			isa = PBXContainerItemProxy;
			containerPortal = 3549BAFC1DA387DB00C63030 /* Project object */;
			proxyType = 1;
			remoteGlobalIDString = 3549BB471DA389F300C63030;
			remoteInfo = "SwiftDataStructures-tvOS";
		};
		3549BB851DA38B0000C63030 /* PBXContainerItemProxy */ = {
			isa = PBXContainerItemProxy;
			containerPortal = 3549BAFC1DA387DB00C63030 /* Project object */;
			proxyType = 1;
			remoteGlobalIDString = 3549BB3A1DA389E800C63030;
			remoteInfo = "SwiftDataStructures-macOS";
		};
/* End PBXContainerItemProxy section */

/* Begin PBXCopyFilesBuildPhase section */
		357D95461DA3F29100AEC55F /* Embed Frameworks */ = {
			isa = PBXCopyFilesBuildPhase;
			buildActionMask = 2147483647;
			dstPath = "";
			dstSubfolderSpec = 10;
			files = (
				357D95491DA3F2AB00AEC55F /* Nimble.framework in Embed Frameworks */,
				357D954A1DA3F2AB00AEC55F /* Quick.framework in Embed Frameworks */,
			);
			name = "Embed Frameworks";
			runOnlyForDeploymentPostprocessing = 0;
		};
		357D954C1DA3F2C800AEC55F /* Embed Frameworks */ = {
			isa = PBXCopyFilesBuildPhase;
			buildActionMask = 2147483647;
			dstPath = "";
			dstSubfolderSpec = 10;
			files = (
				357D954F1DA3F2E000AEC55F /* Nimble.framework in Embed Frameworks */,
				357D95501DA3F2E000AEC55F /* Quick.framework in Embed Frameworks */,
			);
			name = "Embed Frameworks";
			runOnlyForDeploymentPostprocessing = 0;
		};
		357D95561DA3F30D00AEC55F /* Embed Frameworks */ = {
			isa = PBXCopyFilesBuildPhase;
			buildActionMask = 2147483647;
			dstPath = "";
			dstSubfolderSpec = 10;
			files = (
				357D95591DA3F32600AEC55F /* Nimble.framework in Embed Frameworks */,
				357D955A1DA3F32600AEC55F /* Quick.framework in Embed Frameworks */,
			);
			name = "Embed Frameworks";
			runOnlyForDeploymentPostprocessing = 0;
		};
/* End PBXCopyFilesBuildPhase section */

/* Begin PBXFileReference section */
		35288D101DB1674F007D5840 /* QuickSort.swift */ = {isa = PBXFileReference; fileEncoding = 4; lastKnownFileType = sourcecode.swift; path = QuickSort.swift; sourceTree = "<group>"; };
		35288D151DB16756007D5840 /* MergeSort.swift */ = {isa = PBXFileReference; fileEncoding = 4; lastKnownFileType = sourcecode.swift; path = MergeSort.swift; sourceTree = "<group>"; };
		35288D1A1DB1675F007D5840 /* SelectionSort.swift */ = {isa = PBXFileReference; fileEncoding = 4; lastKnownFileType = sourcecode.swift; path = SelectionSort.swift; sourceTree = "<group>"; };
		35288D1F1DB16766007D5840 /* InsertionSort.swift */ = {isa = PBXFileReference; fileEncoding = 4; lastKnownFileType = sourcecode.swift; path = InsertionSort.swift; sourceTree = "<group>"; };
		35288D241DB16772007D5840 /* BubbleSort.swift */ = {isa = PBXFileReference; fileEncoding = 4; lastKnownFileType = sourcecode.swift; path = BubbleSort.swift; sourceTree = "<group>"; };
		35288D2A1DB16799007D5840 /* LinearSearch.swift */ = {isa = PBXFileReference; fileEncoding = 4; lastKnownFileType = sourcecode.swift; path = LinearSearch.swift; sourceTree = "<group>"; };
		35288D2F1DB167A9007D5840 /* BinarySearch.swift */ = {isa = PBXFileReference; fileEncoding = 4; lastKnownFileType = sourcecode.swift; path = BinarySearch.swift; sourceTree = "<group>"; };
		3535EF1620A9EBDD009819CF /* CharacterExtensions.swift */ = {isa = PBXFileReference; lastKnownFileType = sourcecode.swift; path = CharacterExtensions.swift; sourceTree = "<group>"; };
		3535EF1B20AA9298009819CF /* StringExtensions.swift */ = {isa = PBXFileReference; lastKnownFileType = sourcecode.swift; path = StringExtensions.swift; sourceTree = "<group>"; };
		3549BB171DA3890B00C63030 /* Info.plist */ = {isa = PBXFileReference; fileEncoding = 4; lastKnownFileType = text.plist.xml; path = Info.plist; sourceTree = "<group>"; };
		3549BB181DA3890B00C63030 /* SwiftDataStructures.h */ = {isa = PBXFileReference; fileEncoding = 4; lastKnownFileType = sourcecode.c.h; path = SwiftDataStructures.h; sourceTree = "<group>"; };
		3549BB211DA389CD00C63030 /* SwiftDataStructures.framework */ = {isa = PBXFileReference; explicitFileType = wrapper.framework; includeInIndex = 0; path = SwiftDataStructures.framework; sourceTree = BUILT_PRODUCTS_DIR; };
		3549BB2E1DA389DB00C63030 /* SwiftDataStructures.framework */ = {isa = PBXFileReference; explicitFileType = wrapper.framework; includeInIndex = 0; path = SwiftDataStructures.framework; sourceTree = BUILT_PRODUCTS_DIR; };
		3549BB3B1DA389E800C63030 /* SwiftDataStructures.framework */ = {isa = PBXFileReference; explicitFileType = wrapper.framework; includeInIndex = 0; path = SwiftDataStructures.framework; sourceTree = BUILT_PRODUCTS_DIR; };
		3549BB481DA389F300C63030 /* SwiftDataStructures.framework */ = {isa = PBXFileReference; explicitFileType = wrapper.framework; includeInIndex = 0; path = SwiftDataStructures.framework; sourceTree = BUILT_PRODUCTS_DIR; };
		3549BB551DA38A5E00C63030 /* Info-tvOS.plist */ = {isa = PBXFileReference; fileEncoding = 4; lastKnownFileType = text.plist.xml; path = "Info-tvOS.plist"; sourceTree = "<group>"; };
		3549BB571DA38A8800C63030 /* Info-tvOS.plist */ = {isa = PBXFileReference; fileEncoding = 4; lastKnownFileType = text.plist.xml; path = "Info-tvOS.plist"; sourceTree = "<group>"; };
		3549BB581DA38A8800C63030 /* Info.plist */ = {isa = PBXFileReference; fileEncoding = 4; lastKnownFileType = text.plist.xml; path = Info.plist; sourceTree = "<group>"; };
		3549BB611DA38ADB00C63030 /* SwiftDataStructuresTests-iOS.xctest */ = {isa = PBXFileReference; explicitFileType = wrapper.cfbundle; includeInIndex = 0; path = "SwiftDataStructuresTests-iOS.xctest"; sourceTree = BUILT_PRODUCTS_DIR; };
		3549BB701DA38AEF00C63030 /* SwiftDataStructuresTests-tvOS.xctest */ = {isa = PBXFileReference; explicitFileType = wrapper.cfbundle; includeInIndex = 0; path = "SwiftDataStructuresTests-tvOS.xctest"; sourceTree = BUILT_PRODUCTS_DIR; };
		3549BB7F1DA38B0000C63030 /* SwiftDataStructuresTests-macOS.xctest */ = {isa = PBXFileReference; explicitFileType = wrapper.cfbundle; includeInIndex = 0; path = "SwiftDataStructuresTests-macOS.xctest"; sourceTree = BUILT_PRODUCTS_DIR; };
		3549BB8A1DA38C0A00C63030 /* SwiftDataStructuresSpec.swift */ = {isa = PBXFileReference; fileEncoding = 4; lastKnownFileType = sourcecode.swift; path = SwiftDataStructuresSpec.swift; sourceTree = "<group>"; };
		3558E2D21DAF721200CF3369 /* LinkedList.swift */ = {isa = PBXFileReference; fileEncoding = 4; lastKnownFileType = sourcecode.swift; path = LinkedList.swift; sourceTree = "<group>"; };
		3558E2D71DAF723A00CF3369 /* LinkedListSpec.swift */ = {isa = PBXFileReference; fileEncoding = 4; lastKnownFileType = sourcecode.swift; path = LinkedListSpec.swift; sourceTree = "<group>"; };
		357D95471DA3F2AB00AEC55F /* Nimble.framework */ = {isa = PBXFileReference; lastKnownFileType = wrapper.framework; name = Nimble.framework; path = Carthage/Build/iOS/Nimble.framework; sourceTree = "<group>"; };
		357D95481DA3F2AB00AEC55F /* Quick.framework */ = {isa = PBXFileReference; lastKnownFileType = wrapper.framework; name = Quick.framework; path = Carthage/Build/iOS/Quick.framework; sourceTree = "<group>"; };
		357D954D1DA3F2E000AEC55F /* Nimble.framework */ = {isa = PBXFileReference; lastKnownFileType = wrapper.framework; name = Nimble.framework; path = Carthage/Build/Mac/Nimble.framework; sourceTree = "<group>"; };
		357D954E1DA3F2E000AEC55F /* Quick.framework */ = {isa = PBXFileReference; lastKnownFileType = wrapper.framework; name = Quick.framework; path = Carthage/Build/Mac/Quick.framework; sourceTree = "<group>"; };
		357D95571DA3F32600AEC55F /* Nimble.framework */ = {isa = PBXFileReference; lastKnownFileType = wrapper.framework; name = Nimble.framework; path = Carthage/Build/tvOS/Nimble.framework; sourceTree = "<group>"; };
		357D95581DA3F32600AEC55F /* Quick.framework */ = {isa = PBXFileReference; lastKnownFileType = wrapper.framework; name = Quick.framework; path = Carthage/Build/tvOS/Quick.framework; sourceTree = "<group>"; };
		35F636771DB0F20100AF4E94 /* Tree.swift */ = {isa = PBXFileReference; fileEncoding = 4; lastKnownFileType = sourcecode.swift; path = Tree.swift; sourceTree = "<group>"; };
		35F6367C1DB0F3E400AF4E94 /* StackLinkedList.swift */ = {isa = PBXFileReference; fileEncoding = 4; lastKnownFileType = sourcecode.swift; path = StackLinkedList.swift; sourceTree = "<group>"; };
		35F636811DB0F3EB00AF4E94 /* StackArray.swift */ = {isa = PBXFileReference; fileEncoding = 4; lastKnownFileType = sourcecode.swift; path = StackArray.swift; sourceTree = "<group>"; };
		35F636861DB0F3F100AF4E94 /* QueueLinkedList.swift */ = {isa = PBXFileReference; fileEncoding = 4; lastKnownFileType = sourcecode.swift; path = QueueLinkedList.swift; sourceTree = "<group>"; };
		35F6368B1DB0F3F800AF4E94 /* QueueArray.swift */ = {isa = PBXFileReference; fileEncoding = 4; lastKnownFileType = sourcecode.swift; path = QueueArray.swift; sourceTree = "<group>"; };
		35F6369E1DB0F5C300AF4E94 /* LinkedListNode.swift */ = {isa = PBXFileReference; fileEncoding = 4; lastKnownFileType = sourcecode.swift; path = LinkedListNode.swift; sourceTree = "<group>"; };
		35F636A31DB0F5D700AF4E94 /* BinaryTreeNode.swift */ = {isa = PBXFileReference; fileEncoding = 4; lastKnownFileType = sourcecode.swift; path = BinaryTreeNode.swift; sourceTree = "<group>"; };
		35F636A81DB0F5DD00AF4E94 /* TreeNode.swift */ = {isa = PBXFileReference; fileEncoding = 4; lastKnownFileType = sourcecode.swift; path = TreeNode.swift; sourceTree = "<group>"; };
		35F636AD1DB0F65B00AF4E94 /* BinarySearchTree.swift */ = {isa = PBXFileReference; fileEncoding = 4; lastKnownFileType = sourcecode.swift; path = BinarySearchTree.swift; sourceTree = "<group>"; };
		35F636B21DB0FA7500AF4E94 /* StackArraySpec.swift */ = {isa = PBXFileReference; fileEncoding = 4; lastKnownFileType = sourcecode.swift; path = StackArraySpec.swift; sourceTree = "<group>"; };
		35F636B61DB0FA7D00AF4E94 /* StackLinkedListSpec.swift */ = {isa = PBXFileReference; fileEncoding = 4; lastKnownFileType = sourcecode.swift; path = StackLinkedListSpec.swift; sourceTree = "<group>"; };
		35F636BA1DB0FA8700AF4E94 /* QueueLinkedListSpec.swift */ = {isa = PBXFileReference; fileEncoding = 4; lastKnownFileType = sourcecode.swift; path = QueueLinkedListSpec.swift; sourceTree = "<group>"; };
		35F636BE1DB0FA8E00AF4E94 /* QueueArraySpec.swift */ = {isa = PBXFileReference; fileEncoding = 4; lastKnownFileType = sourcecode.swift; path = QueueArraySpec.swift; sourceTree = "<group>"; };
		35F636C21DB0FA9400AF4E94 /* TreeSpec.swift */ = {isa = PBXFileReference; fileEncoding = 4; lastKnownFileType = sourcecode.swift; path = TreeSpec.swift; sourceTree = "<group>"; };
		35F636C61DB0FA9B00AF4E94 /* BinaryTreeSpec.swift */ = {isa = PBXFileReference; fileEncoding = 4; lastKnownFileType = sourcecode.swift; path = BinaryTreeSpec.swift; sourceTree = "<group>"; };
		35F636CA1DB0FAA900AF4E94 /* BinarySearchTreeSpec.swift */ = {isa = PBXFileReference; fileEncoding = 4; lastKnownFileType = sourcecode.swift; path = BinarySearchTreeSpec.swift; sourceTree = "<group>"; };
		35F636D21DB0FAC900AF4E94 /* TreeNodeSpec.swift */ = {isa = PBXFileReference; fileEncoding = 4; lastKnownFileType = sourcecode.swift; path = TreeNodeSpec.swift; sourceTree = "<group>"; };
		35F636D61DB0FAD200AF4E94 /* BinaryTreeNodeSpec.swift */ = {isa = PBXFileReference; fileEncoding = 4; lastKnownFileType = sourcecode.swift; path = BinaryTreeNodeSpec.swift; sourceTree = "<group>"; };
/* End PBXFileReference section */

/* Begin PBXFrameworksBuildPhase section */
		3549BB1D1DA389CD00C63030 /* Frameworks */ = {
			isa = PBXFrameworksBuildPhase;
			buildActionMask = 2147483647;
			files = (
			);
			runOnlyForDeploymentPostprocessing = 0;
		};
		3549BB2A1DA389DB00C63030 /* Frameworks */ = {
			isa = PBXFrameworksBuildPhase;
			buildActionMask = 2147483647;
			files = (
			);
			runOnlyForDeploymentPostprocessing = 0;
		};
		3549BB371DA389E800C63030 /* Frameworks */ = {
			isa = PBXFrameworksBuildPhase;
			buildActionMask = 2147483647;
			files = (
			);
			runOnlyForDeploymentPostprocessing = 0;
		};
		3549BB441DA389F300C63030 /* Frameworks */ = {
			isa = PBXFrameworksBuildPhase;
			buildActionMask = 2147483647;
			files = (
			);
			runOnlyForDeploymentPostprocessing = 0;
		};
		3549BB5E1DA38ADB00C63030 /* Frameworks */ = {
			isa = PBXFrameworksBuildPhase;
			buildActionMask = 2147483647;
			files = (
				355AA0AC1DA549A8004C69BF /* Nimble.framework in Frameworks */,
				355AA0AD1DA549A8004C69BF /* Quick.framework in Frameworks */,
				3549BB661DA38ADB00C63030 /* SwiftDataStructures.framework in Frameworks */,
			);
			runOnlyForDeploymentPostprocessing = 0;
		};
		3549BB6D1DA38AEF00C63030 /* Frameworks */ = {
			isa = PBXFrameworksBuildPhase;
			buildActionMask = 2147483647;
			files = (
				355AA0AA1DA5499C004C69BF /* Nimble.framework in Frameworks */,
				355AA0AB1DA5499C004C69BF /* Quick.framework in Frameworks */,
				3549BB751DA38AEF00C63030 /* SwiftDataStructures.framework in Frameworks */,
			);
			runOnlyForDeploymentPostprocessing = 0;
		};
		3549BB7C1DA38B0000C63030 /* Frameworks */ = {
			isa = PBXFrameworksBuildPhase;
			buildActionMask = 2147483647;
			files = (
				355AA0A81DA5498F004C69BF /* Nimble.framework in Frameworks */,
				355AA0A91DA5498F004C69BF /* Quick.framework in Frameworks */,
				3549BB841DA38B0000C63030 /* SwiftDataStructures.framework in Frameworks */,
			);
			runOnlyForDeploymentPostprocessing = 0;
		};
/* End PBXFrameworksBuildPhase section */

/* Begin PBXGroup section */
		35288D291DB16790007D5840 /* Sorting */ = {
			isa = PBXGroup;
			children = (
				35288D241DB16772007D5840 /* BubbleSort.swift */,
				35288D1A1DB1675F007D5840 /* SelectionSort.swift */,
				35288D1F1DB16766007D5840 /* InsertionSort.swift */,
				35288D151DB16756007D5840 /* MergeSort.swift */,
				35288D101DB1674F007D5840 /* QuickSort.swift */,
			);
			name = Sorting;
			sourceTree = "<group>";
		};
		35288D341DB167AD007D5840 /* Searching */ = {
			isa = PBXGroup;
			children = (
				35288D2A1DB16799007D5840 /* LinearSearch.swift */,
				35288D2F1DB167A9007D5840 /* BinarySearch.swift */,
			);
			name = Searching;
			sourceTree = "<group>";
		};
		352FCB5220A9EBB000B61D3A /* Extensions */ = {
			isa = PBXGroup;
			children = (
				3535EF1620A9EBDD009819CF /* CharacterExtensions.swift */,
				3535EF1B20AA9298009819CF /* StringExtensions.swift */,
			);
			name = Extensions;
			sourceTree = "<group>";
		};
		3549BAFB1DA387DB00C63030 = {
			isa = PBXGroup;
			children = (
				3549BB161DA3890B00C63030 /* Sources */,
				3549BB191DA3890B00C63030 /* Tests */,
				3549BB061DA387DB00C63030 /* Products */,
				357D954B1DA3F2B400AEC55F /* Frameworks */,
			);
			sourceTree = "<group>";
		};
		3549BB061DA387DB00C63030 /* Products */ = {
			isa = PBXGroup;
			children = (
				3549BB211DA389CD00C63030 /* SwiftDataStructures.framework */,
				3549BB2E1DA389DB00C63030 /* SwiftDataStructures.framework */,
				3549BB3B1DA389E800C63030 /* SwiftDataStructures.framework */,
				3549BB481DA389F300C63030 /* SwiftDataStructures.framework */,
				3549BB611DA38ADB00C63030 /* SwiftDataStructuresTests-iOS.xctest */,
				3549BB701DA38AEF00C63030 /* SwiftDataStructuresTests-tvOS.xctest */,
				3549BB7F1DA38B0000C63030 /* SwiftDataStructuresTests-macOS.xctest */,
			);
			name = Products;
			sourceTree = "<group>";
		};
		3549BB161DA3890B00C63030 /* Sources */ = {
			isa = PBXGroup;
			children = (
				352FCB5220A9EBB000B61D3A /* Extensions */,
				3549BB5C1DA38AA500C63030 /* Core */,
				3549BB541DA38A4000C63030 /* Supporting Files */,
			);
			path = Sources;
			sourceTree = "<group>";
		};
		3549BB191DA3890B00C63030 /* Tests */ = {
			isa = PBXGroup;
			children = (
				3549BB8A1DA38C0A00C63030 /* SwiftDataStructuresSpec.swift */,
				35F636DA1DB0FAE300AF4E94 /* LinkedListSpec */,
				35F636DB1DB0FAED00AF4E94 /* StackSpec */,
				35F636DC1DB0FAF600AF4E94 /* QueueSpec */,
				35F636DD1DB0FAFD00AF4E94 /* TreeSpec */,
				3549BB5B1DA38A8C00C63030 /* Supporting Files */,
			);
			path = Tests;
			sourceTree = "<group>";
		};
		3549BB541DA38A4000C63030 /* Supporting Files */ = {
			isa = PBXGroup;
			children = (
				3549BB181DA3890B00C63030 /* SwiftDataStructures.h */,
				3549BB171DA3890B00C63030 /* Info.plist */,
				3549BB551DA38A5E00C63030 /* Info-tvOS.plist */,
			);
			name = "Supporting Files";
			sourceTree = "<group>";
		};
		3549BB5B1DA38A8C00C63030 /* Supporting Files */ = {
			isa = PBXGroup;
			children = (
				3549BB581DA38A8800C63030 /* Info.plist */,
				3549BB571DA38A8800C63030 /* Info-tvOS.plist */,
			);
			name = "Supporting Files";
			sourceTree = "<group>";
		};
		3549BB5C1DA38AA500C63030 /* Core */ = {
			isa = PBXGroup;
			children = (
				35F6369A1DB0F59300AF4E94 /* LinkedList */,
				35F6369C1DB0F5A300AF4E94 /* Stack */,
				35F6369D1DB0F5A700AF4E94 /* Queue */,
				35F6369B1DB0F59D00AF4E94 /* Tree */,
				35288D341DB167AD007D5840 /* Searching */,
				35288D291DB16790007D5840 /* Sorting */,
			);
			name = Core;
			sourceTree = "<group>";
		};
		357D954B1DA3F2B400AEC55F /* Frameworks */ = {
			isa = PBXGroup;
			children = (
				357D95571DA3F32600AEC55F /* Nimble.framework */,
				357D95581DA3F32600AEC55F /* Quick.framework */,
				357D954D1DA3F2E000AEC55F /* Nimble.framework */,
				357D954E1DA3F2E000AEC55F /* Quick.framework */,
				357D95471DA3F2AB00AEC55F /* Nimble.framework */,
				357D95481DA3F2AB00AEC55F /* Quick.framework */,
			);
			name = Frameworks;
			sourceTree = "<group>";
		};
		35F6369A1DB0F59300AF4E94 /* LinkedList */ = {
			isa = PBXGroup;
			children = (
				35F6369E1DB0F5C300AF4E94 /* LinkedListNode.swift */,
				3558E2D21DAF721200CF3369 /* LinkedList.swift */,
			);
			name = LinkedList;
			sourceTree = "<group>";
		};
		35F6369B1DB0F59D00AF4E94 /* Tree */ = {
			isa = PBXGroup;
			children = (
				35F636A81DB0F5DD00AF4E94 /* TreeNode.swift */,
				35F636771DB0F20100AF4E94 /* Tree.swift */,
				35F636A31DB0F5D700AF4E94 /* BinaryTreeNode.swift */,
				35F636AD1DB0F65B00AF4E94 /* BinarySearchTree.swift */,
			);
			name = Tree;
			sourceTree = "<group>";
		};
		35F6369C1DB0F5A300AF4E94 /* Stack */ = {
			isa = PBXGroup;
			children = (
				35F636811DB0F3EB00AF4E94 /* StackArray.swift */,
				35F6367C1DB0F3E400AF4E94 /* StackLinkedList.swift */,
			);
			name = Stack;
			sourceTree = "<group>";
		};
		35F6369D1DB0F5A700AF4E94 /* Queue */ = {
			isa = PBXGroup;
			children = (
				35F6368B1DB0F3F800AF4E94 /* QueueArray.swift */,
				35F636861DB0F3F100AF4E94 /* QueueLinkedList.swift */,
			);
			name = Queue;
			sourceTree = "<group>";
		};
		35F636DA1DB0FAE300AF4E94 /* LinkedListSpec */ = {
			isa = PBXGroup;
			children = (
				3558E2D71DAF723A00CF3369 /* LinkedListSpec.swift */,
			);
			name = LinkedListSpec;
			sourceTree = "<group>";
		};
		35F636DB1DB0FAED00AF4E94 /* StackSpec */ = {
			isa = PBXGroup;
			children = (
				35F636B21DB0FA7500AF4E94 /* StackArraySpec.swift */,
				35F636B61DB0FA7D00AF4E94 /* StackLinkedListSpec.swift */,
			);
			name = StackSpec;
			sourceTree = "<group>";
		};
		35F636DC1DB0FAF600AF4E94 /* QueueSpec */ = {
			isa = PBXGroup;
			children = (
				35F636BA1DB0FA8700AF4E94 /* QueueLinkedListSpec.swift */,
				35F636BE1DB0FA8E00AF4E94 /* QueueArraySpec.swift */,
			);
			name = QueueSpec;
			sourceTree = "<group>";
		};
		35F636DD1DB0FAFD00AF4E94 /* TreeSpec */ = {
			isa = PBXGroup;
			children = (
				35F636C21DB0FA9400AF4E94 /* TreeSpec.swift */,
				35F636C61DB0FA9B00AF4E94 /* BinaryTreeSpec.swift */,
				35F636CA1DB0FAA900AF4E94 /* BinarySearchTreeSpec.swift */,
				35F636D21DB0FAC900AF4E94 /* TreeNodeSpec.swift */,
				35F636D61DB0FAD200AF4E94 /* BinaryTreeNodeSpec.swift */,
			);
			name = TreeSpec;
			sourceTree = "<group>";
		};
/* End PBXGroup section */

/* Begin PBXHeadersBuildPhase section */
		3549BB1E1DA389CD00C63030 /* Headers */ = {
			isa = PBXHeadersBuildPhase;
			buildActionMask = 2147483647;
			files = (
				3549BB501DA38A2000C63030 /* SwiftDataStructures.h in Headers */,
			);
			runOnlyForDeploymentPostprocessing = 0;
		};
		3549BB2B1DA389DB00C63030 /* Headers */ = {
			isa = PBXHeadersBuildPhase;
			buildActionMask = 2147483647;
			files = (
				3549BB521DA38A2100C63030 /* SwiftDataStructures.h in Headers */,
			);
			runOnlyForDeploymentPostprocessing = 0;
		};
		3549BB381DA389E800C63030 /* Headers */ = {
			isa = PBXHeadersBuildPhase;
			buildActionMask = 2147483647;
			files = (
				3549BB531DA38A2200C63030 /* SwiftDataStructures.h in Headers */,
			);
			runOnlyForDeploymentPostprocessing = 0;
		};
		3549BB451DA389F300C63030 /* Headers */ = {
			isa = PBXHeadersBuildPhase;
			buildActionMask = 2147483647;
			files = (
				3549BB511DA38A2000C63030 /* SwiftDataStructures.h in Headers */,
			);
			runOnlyForDeploymentPostprocessing = 0;
		};
/* End PBXHeadersBuildPhase section */

/* Begin PBXNativeTarget section */
		3549BB201DA389CD00C63030 /* SwiftDataStructures-iOS */ = {
			isa = PBXNativeTarget;
			buildConfigurationList = 3549BB261DA389CD00C63030 /* Build configuration list for PBXNativeTarget "SwiftDataStructures-iOS" */;
			buildPhases = (
				3549BB1C1DA389CD00C63030 /* Sources */,
				3549BB1D1DA389CD00C63030 /* Frameworks */,
				3549BB1E1DA389CD00C63030 /* Headers */,
				3549BB1F1DA389CD00C63030 /* Resources */,
			);
			buildRules = (
			);
			dependencies = (
			);
			name = "SwiftDataStructures-iOS";
			productName = "SwiftDataStructures-iOS";
			productReference = 3549BB211DA389CD00C63030 /* SwiftDataStructures.framework */;
			productType = "com.apple.product-type.framework";
		};
		3549BB2D1DA389DB00C63030 /* SwiftDataStructures-watchOS */ = {
			isa = PBXNativeTarget;
			buildConfigurationList = 3549BB331DA389DB00C63030 /* Build configuration list for PBXNativeTarget "SwiftDataStructures-watchOS" */;
			buildPhases = (
				3549BB291DA389DB00C63030 /* Sources */,
				3549BB2A1DA389DB00C63030 /* Frameworks */,
				3549BB2B1DA389DB00C63030 /* Headers */,
				3549BB2C1DA389DB00C63030 /* Resources */,
			);
			buildRules = (
			);
			dependencies = (
			);
			name = "SwiftDataStructures-watchOS";
			productName = "SwiftDataStructures-watchOS";
			productReference = 3549BB2E1DA389DB00C63030 /* SwiftDataStructures.framework */;
			productType = "com.apple.product-type.framework";
		};
		3549BB3A1DA389E800C63030 /* SwiftDataStructures-macOS */ = {
			isa = PBXNativeTarget;
			buildConfigurationList = 3549BB401DA389E800C63030 /* Build configuration list for PBXNativeTarget "SwiftDataStructures-macOS" */;
			buildPhases = (
				3549BB361DA389E800C63030 /* Sources */,
				3549BB371DA389E800C63030 /* Frameworks */,
				3549BB381DA389E800C63030 /* Headers */,
				3549BB391DA389E800C63030 /* Resources */,
			);
			buildRules = (
			);
			dependencies = (
			);
			name = "SwiftDataStructures-macOS";
			productName = "SwiftDataStructures-macOS";
			productReference = 3549BB3B1DA389E800C63030 /* SwiftDataStructures.framework */;
			productType = "com.apple.product-type.framework";
		};
		3549BB471DA389F300C63030 /* SwiftDataStructures-tvOS */ = {
			isa = PBXNativeTarget;
			buildConfigurationList = 3549BB4D1DA389F300C63030 /* Build configuration list for PBXNativeTarget "SwiftDataStructures-tvOS" */;
			buildPhases = (
				3549BB431DA389F300C63030 /* Sources */,
				3549BB441DA389F300C63030 /* Frameworks */,
				3549BB451DA389F300C63030 /* Headers */,
				3549BB461DA389F300C63030 /* Resources */,
			);
			buildRules = (
			);
			dependencies = (
			);
			name = "SwiftDataStructures-tvOS";
			productName = "SwiftDataStructures-tvOS";
			productReference = 3549BB481DA389F300C63030 /* SwiftDataStructures.framework */;
			productType = "com.apple.product-type.framework";
		};
		3549BB601DA38ADB00C63030 /* SwiftDataStructuresTests-iOS */ = {
			isa = PBXNativeTarget;
			buildConfigurationList = 3549BB691DA38ADB00C63030 /* Build configuration list for PBXNativeTarget "SwiftDataStructuresTests-iOS" */;
			buildPhases = (
				3549BB5D1DA38ADB00C63030 /* Sources */,
				3549BB5E1DA38ADB00C63030 /* Frameworks */,
				3549BB5F1DA38ADB00C63030 /* Resources */,
				357D95461DA3F29100AEC55F /* Embed Frameworks */,
			);
			buildRules = (
			);
			dependencies = (
				3549BB681DA38ADB00C63030 /* PBXTargetDependency */,
			);
			name = "SwiftDataStructuresTests-iOS";
			productName = "SwiftDataStructuresTests-iOS";
			productReference = 3549BB611DA38ADB00C63030 /* SwiftDataStructuresTests-iOS.xctest */;
			productType = "com.apple.product-type.bundle.unit-test";
		};
		3549BB6F1DA38AEF00C63030 /* SwiftDataStructuresTests-tvOS */ = {
			isa = PBXNativeTarget;
			buildConfigurationList = 3549BB781DA38AEF00C63030 /* Build configuration list for PBXNativeTarget "SwiftDataStructuresTests-tvOS" */;
			buildPhases = (
				3549BB6C1DA38AEF00C63030 /* Sources */,
				3549BB6D1DA38AEF00C63030 /* Frameworks */,
				3549BB6E1DA38AEF00C63030 /* Resources */,
				357D95561DA3F30D00AEC55F /* Embed Frameworks */,
			);
			buildRules = (
			);
			dependencies = (
				3549BB771DA38AEF00C63030 /* PBXTargetDependency */,
			);
			name = "SwiftDataStructuresTests-tvOS";
			productName = "SwiftDataStructuresTests-tvOS";
			productReference = 3549BB701DA38AEF00C63030 /* SwiftDataStructuresTests-tvOS.xctest */;
			productType = "com.apple.product-type.bundle.unit-test";
		};
		3549BB7E1DA38B0000C63030 /* SwiftDataStructuresTests-macOS */ = {
			isa = PBXNativeTarget;
			buildConfigurationList = 3549BB871DA38B0000C63030 /* Build configuration list for PBXNativeTarget "SwiftDataStructuresTests-macOS" */;
			buildPhases = (
				3549BB7B1DA38B0000C63030 /* Sources */,
				3549BB7C1DA38B0000C63030 /* Frameworks */,
				3549BB7D1DA38B0000C63030 /* Resources */,
				357D954C1DA3F2C800AEC55F /* Embed Frameworks */,
			);
			buildRules = (
			);
			dependencies = (
				3549BB861DA38B0000C63030 /* PBXTargetDependency */,
			);
			name = "SwiftDataStructuresTests-macOS";
			productName = "SwiftDataStructuresTests-macOS";
			productReference = 3549BB7F1DA38B0000C63030 /* SwiftDataStructuresTests-macOS.xctest */;
			productType = "com.apple.product-type.bundle.unit-test";
		};
/* End PBXNativeTarget section */

/* Begin PBXProject section */
		3549BAFC1DA387DB00C63030 /* Project object */ = {
			isa = PBXProject;
			attributes = {
				LastSwiftUpdateCheck = 0800;
				LastUpgradeCheck = 0800;
				ORGANIZATIONNAME = RahulKatariya;
				TargetAttributes = {
					3549BB201DA389CD00C63030 = {
						CreatedOnToolsVersion = 8.0;
						LastSwiftMigration = 0800;
						ProvisioningStyle = Automatic;
					};
					3549BB2D1DA389DB00C63030 = {
						CreatedOnToolsVersion = 8.0;
						LastSwiftMigration = 0800;
						ProvisioningStyle = Automatic;
					};
					3549BB3A1DA389E800C63030 = {
						CreatedOnToolsVersion = 8.0;
						LastSwiftMigration = 0800;
						ProvisioningStyle = Automatic;
					};
					3549BB471DA389F300C63030 = {
						CreatedOnToolsVersion = 8.0;
						LastSwiftMigration = 0800;
						ProvisioningStyle = Automatic;
					};
					3549BB601DA38ADB00C63030 = {
						CreatedOnToolsVersion = 8.0;
						LastSwiftMigration = 0800;
						ProvisioningStyle = Automatic;
					};
					3549BB6F1DA38AEF00C63030 = {
						CreatedOnToolsVersion = 8.0;
						LastSwiftMigration = 0800;
						ProvisioningStyle = Automatic;
					};
					3549BB7E1DA38B0000C63030 = {
						CreatedOnToolsVersion = 8.0;
						LastSwiftMigration = 0800;
						ProvisioningStyle = Automatic;
					};
				};
			};
			buildConfigurationList = 3549BAFF1DA387DB00C63030 /* Build configuration list for PBXProject "SwiftDataStructures" */;
			compatibilityVersion = "Xcode 3.2";
			developmentRegion = English;
			hasScannedForEncodings = 0;
			knownRegions = (
				en,
			);
			mainGroup = 3549BAFB1DA387DB00C63030;
			productRefGroup = 3549BB061DA387DB00C63030 /* Products */;
			projectDirPath = "";
			projectRoot = "";
			targets = (
				3549BB201DA389CD00C63030 /* SwiftDataStructures-iOS */,
				3549BB601DA38ADB00C63030 /* SwiftDataStructuresTests-iOS */,
				3549BB3A1DA389E800C63030 /* SwiftDataStructures-macOS */,
				3549BB7E1DA38B0000C63030 /* SwiftDataStructuresTests-macOS */,
				3549BB471DA389F300C63030 /* SwiftDataStructures-tvOS */,
				3549BB6F1DA38AEF00C63030 /* SwiftDataStructuresTests-tvOS */,
				3549BB2D1DA389DB00C63030 /* SwiftDataStructures-watchOS */,
			);
		};
/* End PBXProject section */

/* Begin PBXResourcesBuildPhase section */
		3549BB1F1DA389CD00C63030 /* Resources */ = {
			isa = PBXResourcesBuildPhase;
			buildActionMask = 2147483647;
			files = (
				3549BB591DA38A8800C63030 /* Info-tvOS.plist in Resources */,
				3549BB561DA38A5E00C63030 /* Info-tvOS.plist in Resources */,
				3549BB5A1DA38A8800C63030 /* Info.plist in Resources */,
			);
			runOnlyForDeploymentPostprocessing = 0;
		};
		3549BB2C1DA389DB00C63030 /* Resources */ = {
			isa = PBXResourcesBuildPhase;
			buildActionMask = 2147483647;
			files = (
			);
			runOnlyForDeploymentPostprocessing = 0;
		};
		3549BB391DA389E800C63030 /* Resources */ = {
			isa = PBXResourcesBuildPhase;
			buildActionMask = 2147483647;
			files = (
			);
			runOnlyForDeploymentPostprocessing = 0;
		};
		3549BB461DA389F300C63030 /* Resources */ = {
			isa = PBXResourcesBuildPhase;
			buildActionMask = 2147483647;
			files = (
			);
			runOnlyForDeploymentPostprocessing = 0;
		};
		3549BB5F1DA38ADB00C63030 /* Resources */ = {
			isa = PBXResourcesBuildPhase;
			buildActionMask = 2147483647;
			files = (
			);
			runOnlyForDeploymentPostprocessing = 0;
		};
		3549BB6E1DA38AEF00C63030 /* Resources */ = {
			isa = PBXResourcesBuildPhase;
			buildActionMask = 2147483647;
			files = (
			);
			runOnlyForDeploymentPostprocessing = 0;
		};
		3549BB7D1DA38B0000C63030 /* Resources */ = {
			isa = PBXResourcesBuildPhase;
			buildActionMask = 2147483647;
			files = (
			);
			runOnlyForDeploymentPostprocessing = 0;
		};
/* End PBXResourcesBuildPhase section */

/* Begin PBXSourcesBuildPhase section */
		3549BB1C1DA389CD00C63030 /* Sources */ = {
			isa = PBXSourcesBuildPhase;
			buildActionMask = 2147483647;
			files = (
				35288D161DB16756007D5840 /* MergeSort.swift in Sources */,
				35F636871DB0F3F100AF4E94 /* QueueLinkedList.swift in Sources */,
				35288D301DB167A9007D5840 /* BinarySearch.swift in Sources */,
				35288D2B1DB16799007D5840 /* LinearSearch.swift in Sources */,
				35288D1B1DB1675F007D5840 /* SelectionSort.swift in Sources */,
				35F636A41DB0F5D700AF4E94 /* BinaryTreeNode.swift in Sources */,
				35F636781DB0F20100AF4E94 /* Tree.swift in Sources */,
				35F6367D1DB0F3E400AF4E94 /* StackLinkedList.swift in Sources */,
				35288D201DB16766007D5840 /* InsertionSort.swift in Sources */,
				35F636AE1DB0F65B00AF4E94 /* BinarySearchTree.swift in Sources */,
				35F6369F1DB0F5C300AF4E94 /* LinkedListNode.swift in Sources */,
				35F6368C1DB0F3F800AF4E94 /* QueueArray.swift in Sources */,
				3535EF1720A9EBDD009819CF /* CharacterExtensions.swift in Sources */,
				35288D111DB1674F007D5840 /* QuickSort.swift in Sources */,
				3558E2D31DAF721200CF3369 /* LinkedList.swift in Sources */,
				35F636821DB0F3EB00AF4E94 /* StackArray.swift in Sources */,
				35F636A91DB0F5DD00AF4E94 /* TreeNode.swift in Sources */,
				35288D251DB16772007D5840 /* BubbleSort.swift in Sources */,
				3535EF1C20AA9298009819CF /* StringExtensions.swift in Sources */,
			);
			runOnlyForDeploymentPostprocessing = 0;
		};
		3549BB291DA389DB00C63030 /* Sources */ = {
			isa = PBXSourcesBuildPhase;
			buildActionMask = 2147483647;
			files = (
				35288D191DB16756007D5840 /* MergeSort.swift in Sources */,
				35F6368A1DB0F3F100AF4E94 /* QueueLinkedList.swift in Sources */,
				35288D331DB167A9007D5840 /* BinarySearch.swift in Sources */,
				35288D2E1DB16799007D5840 /* LinearSearch.swift in Sources */,
				35288D1E1DB1675F007D5840 /* SelectionSort.swift in Sources */,
				35F636A71DB0F5D700AF4E94 /* BinaryTreeNode.swift in Sources */,
				35F6367B1DB0F20100AF4E94 /* Tree.swift in Sources */,
				35F636801DB0F3E400AF4E94 /* StackLinkedList.swift in Sources */,
				35288D231DB16766007D5840 /* InsertionSort.swift in Sources */,
				35F636B11DB0F65B00AF4E94 /* BinarySearchTree.swift in Sources */,
				35F636A21DB0F5C300AF4E94 /* LinkedListNode.swift in Sources */,
				35F6368F1DB0F3F800AF4E94 /* QueueArray.swift in Sources */,
				3535EF1A20A9EBDD009819CF /* CharacterExtensions.swift in Sources */,
				35288D141DB1674F007D5840 /* QuickSort.swift in Sources */,
				3558E2D61DAF721200CF3369 /* LinkedList.swift in Sources */,
				35F636851DB0F3EB00AF4E94 /* StackArray.swift in Sources */,
				35F636AC1DB0F5DD00AF4E94 /* TreeNode.swift in Sources */,
				35288D281DB16772007D5840 /* BubbleSort.swift in Sources */,
				3535EF1F20AA9298009819CF /* StringExtensions.swift in Sources */,
			);
			runOnlyForDeploymentPostprocessing = 0;
		};
		3549BB361DA389E800C63030 /* Sources */ = {
			isa = PBXSourcesBuildPhase;
			buildActionMask = 2147483647;
			files = (
				35288D171DB16756007D5840 /* MergeSort.swift in Sources */,
				35F636881DB0F3F100AF4E94 /* QueueLinkedList.swift in Sources */,
				35288D311DB167A9007D5840 /* BinarySearch.swift in Sources */,
				35288D2C1DB16799007D5840 /* LinearSearch.swift in Sources */,
				35288D1C1DB1675F007D5840 /* SelectionSort.swift in Sources */,
				35F636A51DB0F5D700AF4E94 /* BinaryTreeNode.swift in Sources */,
				35F636791DB0F20100AF4E94 /* Tree.swift in Sources */,
				35F6367E1DB0F3E400AF4E94 /* StackLinkedList.swift in Sources */,
				35288D211DB16766007D5840 /* InsertionSort.swift in Sources */,
				35F636AF1DB0F65B00AF4E94 /* BinarySearchTree.swift in Sources */,
				35F636A01DB0F5C300AF4E94 /* LinkedListNode.swift in Sources */,
				35F6368D1DB0F3F800AF4E94 /* QueueArray.swift in Sources */,
				3535EF1820A9EBDD009819CF /* CharacterExtensions.swift in Sources */,
				35288D121DB1674F007D5840 /* QuickSort.swift in Sources */,
				3558E2D41DAF721200CF3369 /* LinkedList.swift in Sources */,
				35F636831DB0F3EB00AF4E94 /* StackArray.swift in Sources */,
				35F636AA1DB0F5DD00AF4E94 /* TreeNode.swift in Sources */,
				35288D261DB16772007D5840 /* BubbleSort.swift in Sources */,
				3535EF1D20AA9298009819CF /* StringExtensions.swift in Sources */,
			);
			runOnlyForDeploymentPostprocessing = 0;
		};
		3549BB431DA389F300C63030 /* Sources */ = {
			isa = PBXSourcesBuildPhase;
			buildActionMask = 2147483647;
			files = (
				35288D181DB16756007D5840 /* MergeSort.swift in Sources */,
				35F636891DB0F3F100AF4E94 /* QueueLinkedList.swift in Sources */,
				35288D321DB167A9007D5840 /* BinarySearch.swift in Sources */,
				35288D2D1DB16799007D5840 /* LinearSearch.swift in Sources */,
				35288D1D1DB1675F007D5840 /* SelectionSort.swift in Sources */,
				35F636A61DB0F5D700AF4E94 /* BinaryTreeNode.swift in Sources */,
				35F6367A1DB0F20100AF4E94 /* Tree.swift in Sources */,
				35F6367F1DB0F3E400AF4E94 /* StackLinkedList.swift in Sources */,
				35288D221DB16766007D5840 /* InsertionSort.swift in Sources */,
				35F636B01DB0F65B00AF4E94 /* BinarySearchTree.swift in Sources */,
				35F636A11DB0F5C300AF4E94 /* LinkedListNode.swift in Sources */,
				35F6368E1DB0F3F800AF4E94 /* QueueArray.swift in Sources */,
				3535EF1920A9EBDD009819CF /* CharacterExtensions.swift in Sources */,
				35288D131DB1674F007D5840 /* QuickSort.swift in Sources */,
				3558E2D51DAF721200CF3369 /* LinkedList.swift in Sources */,
				35F636841DB0F3EB00AF4E94 /* StackArray.swift in Sources */,
				35F636AB1DB0F5DD00AF4E94 /* TreeNode.swift in Sources */,
				35288D271DB16772007D5840 /* BubbleSort.swift in Sources */,
				3535EF1E20AA9298009819CF /* StringExtensions.swift in Sources */,
			);
			runOnlyForDeploymentPostprocessing = 0;
		};
		3549BB5D1DA38ADB00C63030 /* Sources */ = {
			isa = PBXSourcesBuildPhase;
			buildActionMask = 2147483647;
			files = (
				35F636BF1DB0FA8E00AF4E94 /* QueueArraySpec.swift in Sources */,
				35F636D71DB0FAD200AF4E94 /* BinaryTreeNodeSpec.swift in Sources */,
				35F636C31DB0FA9400AF4E94 /* TreeSpec.swift in Sources */,
				35F636D31DB0FAC900AF4E94 /* TreeNodeSpec.swift in Sources */,
				35F636CB1DB0FAA900AF4E94 /* BinarySearchTreeSpec.swift in Sources */,
				35F636B71DB0FA7D00AF4E94 /* StackLinkedListSpec.swift in Sources */,
				35F636BB1DB0FA8700AF4E94 /* QueueLinkedListSpec.swift in Sources */,
				3549BB8B1DA38C0A00C63030 /* SwiftDataStructuresSpec.swift in Sources */,
				3558E2D81DAF723A00CF3369 /* LinkedListSpec.swift in Sources */,
				35F636B31DB0FA7500AF4E94 /* StackArraySpec.swift in Sources */,
				35F636C71DB0FA9B00AF4E94 /* BinaryTreeSpec.swift in Sources */,
			);
			runOnlyForDeploymentPostprocessing = 0;
		};
		3549BB6C1DA38AEF00C63030 /* Sources */ = {
			isa = PBXSourcesBuildPhase;
			buildActionMask = 2147483647;
			files = (
				35F636C11DB0FA8E00AF4E94 /* QueueArraySpec.swift in Sources */,
				35F636D91DB0FAD200AF4E94 /* BinaryTreeNodeSpec.swift in Sources */,
				35F636C51DB0FA9400AF4E94 /* TreeSpec.swift in Sources */,
				35F636D51DB0FAC900AF4E94 /* TreeNodeSpec.swift in Sources */,
				35F636CD1DB0FAA900AF4E94 /* BinarySearchTreeSpec.swift in Sources */,
				35F636B91DB0FA7D00AF4E94 /* StackLinkedListSpec.swift in Sources */,
				35F636BD1DB0FA8700AF4E94 /* QueueLinkedListSpec.swift in Sources */,
				3549BB8D1DA38C0A00C63030 /* SwiftDataStructuresSpec.swift in Sources */,
				3558E2DA1DAF723A00CF3369 /* LinkedListSpec.swift in Sources */,
				35F636B51DB0FA7600AF4E94 /* StackArraySpec.swift in Sources */,
				35F636C91DB0FA9B00AF4E94 /* BinaryTreeSpec.swift in Sources */,
			);
			runOnlyForDeploymentPostprocessing = 0;
		};
		3549BB7B1DA38B0000C63030 /* Sources */ = {
			isa = PBXSourcesBuildPhase;
			buildActionMask = 2147483647;
			files = (
				35F636C01DB0FA8E00AF4E94 /* QueueArraySpec.swift in Sources */,
				35F636D81DB0FAD200AF4E94 /* BinaryTreeNodeSpec.swift in Sources */,
				35F636C41DB0FA9400AF4E94 /* TreeSpec.swift in Sources */,
				35F636D41DB0FAC900AF4E94 /* TreeNodeSpec.swift in Sources */,
				35F636CC1DB0FAA900AF4E94 /* BinarySearchTreeSpec.swift in Sources */,
				35F636B81DB0FA7D00AF4E94 /* StackLinkedListSpec.swift in Sources */,
				35F636BC1DB0FA8700AF4E94 /* QueueLinkedListSpec.swift in Sources */,
				3549BB8C1DA38C0A00C63030 /* SwiftDataStructuresSpec.swift in Sources */,
				3558E2D91DAF723A00CF3369 /* LinkedListSpec.swift in Sources */,
				35F636B41DB0FA7500AF4E94 /* StackArraySpec.swift in Sources */,
				35F636C81DB0FA9B00AF4E94 /* BinaryTreeSpec.swift in Sources */,
			);
			runOnlyForDeploymentPostprocessing = 0;
		};
/* End PBXSourcesBuildPhase section */

/* Begin PBXTargetDependency section */
		3549BB681DA38ADB00C63030 /* PBXTargetDependency */ = {
			isa = PBXTargetDependency;
			target = 3549BB201DA389CD00C63030 /* SwiftDataStructures-iOS */;
			targetProxy = 3549BB671DA38ADB00C63030 /* PBXContainerItemProxy */;
		};
		3549BB771DA38AEF00C63030 /* PBXTargetDependency */ = {
			isa = PBXTargetDependency;
			target = 3549BB471DA389F300C63030 /* SwiftDataStructures-tvOS */;
			targetProxy = 3549BB761DA38AEF00C63030 /* PBXContainerItemProxy */;
		};
		3549BB861DA38B0000C63030 /* PBXTargetDependency */ = {
			isa = PBXTargetDependency;
			target = 3549BB3A1DA389E800C63030 /* SwiftDataStructures-macOS */;
			targetProxy = 3549BB851DA38B0000C63030 /* PBXContainerItemProxy */;
		};
/* End PBXTargetDependency section */

/* Begin XCBuildConfiguration section */
		3549BB0B1DA387DB00C63030 /* Debug */ = {
			isa = XCBuildConfiguration;
			buildSettings = {
				ALWAYS_SEARCH_USER_PATHS = NO;
				CLANG_ANALYZER_NONNULL = YES;
				CLANG_CXX_LANGUAGE_STANDARD = "gnu++0x";
				CLANG_CXX_LIBRARY = "libc++";
				CLANG_ENABLE_MODULES = YES;
				CLANG_ENABLE_OBJC_ARC = YES;
				CLANG_WARN_BOOL_CONVERSION = YES;
				CLANG_WARN_CONSTANT_CONVERSION = YES;
				CLANG_WARN_DIRECT_OBJC_ISA_USAGE = YES_ERROR;
				CLANG_WARN_DOCUMENTATION_COMMENTS = YES;
				CLANG_WARN_EMPTY_BODY = YES;
				CLANG_WARN_ENUM_CONVERSION = YES;
				CLANG_WARN_INFINITE_RECURSION = YES;
				CLANG_WARN_INT_CONVERSION = YES;
				CLANG_WARN_OBJC_ROOT_CLASS = YES_ERROR;
				CLANG_WARN_SUSPICIOUS_MOVES = YES;
				CLANG_WARN_UNREACHABLE_CODE = YES;
				CLANG_WARN__DUPLICATE_METHOD_MATCH = YES;
				"CODE_SIGN_IDENTITY[sdk=iphoneos*]" = "iPhone Developer";
				COPY_PHASE_STRIP = NO;
				CURRENT_PROJECT_VERSION = 1;
				DEBUG_INFORMATION_FORMAT = dwarf;
				ENABLE_STRICT_OBJC_MSGSEND = YES;
				ENABLE_TESTABILITY = YES;
				GCC_C_LANGUAGE_STANDARD = gnu99;
				GCC_DYNAMIC_NO_PIC = NO;
				GCC_NO_COMMON_BLOCKS = YES;
				GCC_OPTIMIZATION_LEVEL = 0;
				GCC_PREPROCESSOR_DEFINITIONS = (
					"DEBUG=1",
					"$(inherited)",
				);
				GCC_WARN_64_TO_32_BIT_CONVERSION = YES;
				GCC_WARN_ABOUT_RETURN_TYPE = YES_ERROR;
				GCC_WARN_UNDECLARED_SELECTOR = YES;
				GCC_WARN_UNINITIALIZED_AUTOS = YES_AGGRESSIVE;
				GCC_WARN_UNUSED_FUNCTION = YES;
				GCC_WARN_UNUSED_VARIABLE = YES;
				IPHONEOS_DEPLOYMENT_TARGET = 8.0;
				MTL_ENABLE_DEBUG_INFO = YES;
				ONLY_ACTIVE_ARCH = YES;
				SDKROOT = iphoneos;
				SWIFT_ACTIVE_COMPILATION_CONDITIONS = DEBUG;
				SWIFT_OPTIMIZATION_LEVEL = "-Onone";
				TARGETED_DEVICE_FAMILY = "1,2";
				VERSIONING_SYSTEM = "apple-generic";
				VERSION_INFO_PREFIX = "";
			};
			name = Debug;
		};
		3549BB0C1DA387DB00C63030 /* Release */ = {
			isa = XCBuildConfiguration;
			buildSettings = {
				ALWAYS_SEARCH_USER_PATHS = NO;
				CLANG_ANALYZER_NONNULL = YES;
				CLANG_CXX_LANGUAGE_STANDARD = "gnu++0x";
				CLANG_CXX_LIBRARY = "libc++";
				CLANG_ENABLE_MODULES = YES;
				CLANG_ENABLE_OBJC_ARC = YES;
				CLANG_WARN_BOOL_CONVERSION = YES;
				CLANG_WARN_CONSTANT_CONVERSION = YES;
				CLANG_WARN_DIRECT_OBJC_ISA_USAGE = YES_ERROR;
				CLANG_WARN_DOCUMENTATION_COMMENTS = YES;
				CLANG_WARN_EMPTY_BODY = YES;
				CLANG_WARN_ENUM_CONVERSION = YES;
				CLANG_WARN_INFINITE_RECURSION = YES;
				CLANG_WARN_INT_CONVERSION = YES;
				CLANG_WARN_OBJC_ROOT_CLASS = YES_ERROR;
				CLANG_WARN_SUSPICIOUS_MOVES = YES;
				CLANG_WARN_UNREACHABLE_CODE = YES;
				CLANG_WARN__DUPLICATE_METHOD_MATCH = YES;
				"CODE_SIGN_IDENTITY[sdk=iphoneos*]" = "iPhone Developer";
				COPY_PHASE_STRIP = NO;
				CURRENT_PROJECT_VERSION = 1;
				DEBUG_INFORMATION_FORMAT = "dwarf-with-dsym";
				ENABLE_NS_ASSERTIONS = NO;
				ENABLE_STRICT_OBJC_MSGSEND = YES;
				GCC_C_LANGUAGE_STANDARD = gnu99;
				GCC_NO_COMMON_BLOCKS = YES;
				GCC_WARN_64_TO_32_BIT_CONVERSION = YES;
				GCC_WARN_ABOUT_RETURN_TYPE = YES_ERROR;
				GCC_WARN_UNDECLARED_SELECTOR = YES;
				GCC_WARN_UNINITIALIZED_AUTOS = YES_AGGRESSIVE;
				GCC_WARN_UNUSED_FUNCTION = YES;
				GCC_WARN_UNUSED_VARIABLE = YES;
				IPHONEOS_DEPLOYMENT_TARGET = 8.0;
				MTL_ENABLE_DEBUG_INFO = NO;
				SDKROOT = iphoneos;
				SWIFT_OPTIMIZATION_LEVEL = "-Owholemodule";
				TARGETED_DEVICE_FAMILY = "1,2";
				VALIDATE_PRODUCT = YES;
				VERSIONING_SYSTEM = "apple-generic";
				VERSION_INFO_PREFIX = "";
			};
			name = Release;
		};
		3549BB271DA389CD00C63030 /* Debug */ = {
			isa = XCBuildConfiguration;
			buildSettings = {
				CLANG_ENABLE_MODULES = YES;
				CODE_SIGN_IDENTITY = "";
				DEFINES_MODULE = YES;
				DYLIB_COMPATIBILITY_VERSION = 1;
				DYLIB_CURRENT_VERSION = 1;
				DYLIB_INSTALL_NAME_BASE = "@rpath";
				INFOPLIST_FILE = Sources/Info.plist;
				INSTALL_PATH = "$(LOCAL_LIBRARY_DIR)/Frameworks";
				LD_RUNPATH_SEARCH_PATHS = "$(inherited) @executable_path/Frameworks @loader_path/Frameworks";
				PRODUCT_BUNDLE_IDENTIFIER = "com.rahulkatariya.SwiftDataStructures-iOS";
				PRODUCT_NAME = SwiftDataStructures;
				SKIP_INSTALL = YES;
				SWIFT_OPTIMIZATION_LEVEL = "-Onone";
				SWIFT_VERSION = 3.0;
			};
			name = Debug;
		};
		3549BB281DA389CD00C63030 /* Release */ = {
			isa = XCBuildConfiguration;
			buildSettings = {
				CLANG_ENABLE_MODULES = YES;
				CODE_SIGN_IDENTITY = "";
				DEFINES_MODULE = YES;
				DYLIB_COMPATIBILITY_VERSION = 1;
				DYLIB_CURRENT_VERSION = 1;
				DYLIB_INSTALL_NAME_BASE = "@rpath";
				INFOPLIST_FILE = Sources/Info.plist;
				INSTALL_PATH = "$(LOCAL_LIBRARY_DIR)/Frameworks";
				LD_RUNPATH_SEARCH_PATHS = "$(inherited) @executable_path/Frameworks @loader_path/Frameworks";
				PRODUCT_BUNDLE_IDENTIFIER = "com.rahulkatariya.SwiftDataStructures-iOS";
				PRODUCT_NAME = SwiftDataStructures;
				SKIP_INSTALL = YES;
				SWIFT_VERSION = 3.0;
			};
			name = Release;
		};
		3549BB341DA389DB00C63030 /* Debug */ = {
			isa = XCBuildConfiguration;
			buildSettings = {
				APPLICATION_EXTENSION_API_ONLY = YES;
				CLANG_ENABLE_MODULES = YES;
				CODE_SIGN_IDENTITY = "";
				DEFINES_MODULE = YES;
				DYLIB_COMPATIBILITY_VERSION = 1;
				DYLIB_CURRENT_VERSION = 1;
				DYLIB_INSTALL_NAME_BASE = "@rpath";
				INFOPLIST_FILE = Sources/Info.plist;
				INSTALL_PATH = "$(LOCAL_LIBRARY_DIR)/Frameworks";
				LD_RUNPATH_SEARCH_PATHS = "$(inherited) @executable_path/Frameworks @loader_path/Frameworks";
				PRODUCT_BUNDLE_IDENTIFIER = "com.rahulkatariya.SwiftDataStructures-watchOS";
				PRODUCT_NAME = SwiftDataStructures;
				SDKROOT = watchos;
				SKIP_INSTALL = YES;
				SWIFT_OPTIMIZATION_LEVEL = "-Onone";
				SWIFT_VERSION = 3.0;
				TARGETED_DEVICE_FAMILY = 4;
				WATCHOS_DEPLOYMENT_TARGET = 3.0;
			};
			name = Debug;
		};
		3549BB351DA389DB00C63030 /* Release */ = {
			isa = XCBuildConfiguration;
			buildSettings = {
				APPLICATION_EXTENSION_API_ONLY = YES;
				CLANG_ENABLE_MODULES = YES;
				CODE_SIGN_IDENTITY = "";
				DEFINES_MODULE = YES;
				DYLIB_COMPATIBILITY_VERSION = 1;
				DYLIB_CURRENT_VERSION = 1;
				DYLIB_INSTALL_NAME_BASE = "@rpath";
				INFOPLIST_FILE = Sources/Info.plist;
				INSTALL_PATH = "$(LOCAL_LIBRARY_DIR)/Frameworks";
				LD_RUNPATH_SEARCH_PATHS = "$(inherited) @executable_path/Frameworks @loader_path/Frameworks";
				PRODUCT_BUNDLE_IDENTIFIER = "com.rahulkatariya.SwiftDataStructures-watchOS";
				PRODUCT_NAME = SwiftDataStructures;
				SDKROOT = watchos;
				SKIP_INSTALL = YES;
				SWIFT_VERSION = 3.0;
				TARGETED_DEVICE_FAMILY = 4;
				WATCHOS_DEPLOYMENT_TARGET = 3.0;
			};
			name = Release;
		};
		3549BB411DA389E800C63030 /* Debug */ = {
			isa = XCBuildConfiguration;
			buildSettings = {
				CLANG_ENABLE_MODULES = YES;
				CODE_SIGN_IDENTITY = "-";
				COMBINE_HIDPI_IMAGES = YES;
				DEFINES_MODULE = YES;
				DYLIB_COMPATIBILITY_VERSION = 1;
				DYLIB_CURRENT_VERSION = 1;
				DYLIB_INSTALL_NAME_BASE = "@rpath";
				FRAMEWORK_VERSION = A;
				INFOPLIST_FILE = Sources/Info.plist;
				INSTALL_PATH = "$(LOCAL_LIBRARY_DIR)/Frameworks";
				LD_RUNPATH_SEARCH_PATHS = "$(inherited) @executable_path/../Frameworks @loader_path/Frameworks";
				MACOSX_DEPLOYMENT_TARGET = 10.10;
				PRODUCT_BUNDLE_IDENTIFIER = "com.rahulkatariya.SwiftDataStructures-macOS";
				PRODUCT_NAME = SwiftDataStructures;
				SDKROOT = macosx;
				SKIP_INSTALL = YES;
				SWIFT_OPTIMIZATION_LEVEL = "-Onone";
				SWIFT_VERSION = 3.0;
			};
			name = Debug;
		};
		3549BB421DA389E800C63030 /* Release */ = {
			isa = XCBuildConfiguration;
			buildSettings = {
				CLANG_ENABLE_MODULES = YES;
				CODE_SIGN_IDENTITY = "-";
				COMBINE_HIDPI_IMAGES = YES;
				DEFINES_MODULE = YES;
				DYLIB_COMPATIBILITY_VERSION = 1;
				DYLIB_CURRENT_VERSION = 1;
				DYLIB_INSTALL_NAME_BASE = "@rpath";
				FRAMEWORK_VERSION = A;
				INFOPLIST_FILE = Sources/Info.plist;
				INSTALL_PATH = "$(LOCAL_LIBRARY_DIR)/Frameworks";
				LD_RUNPATH_SEARCH_PATHS = "$(inherited) @executable_path/../Frameworks @loader_path/Frameworks";
				MACOSX_DEPLOYMENT_TARGET = 10.10;
				PRODUCT_BUNDLE_IDENTIFIER = "com.rahulkatariya.SwiftDataStructures-macOS";
				PRODUCT_NAME = SwiftDataStructures;
				SDKROOT = macosx;
				SKIP_INSTALL = YES;
				SWIFT_VERSION = 3.0;
			};
			name = Release;
		};
		3549BB4E1DA389F300C63030 /* Debug */ = {
			isa = XCBuildConfiguration;
			buildSettings = {
				CLANG_ENABLE_MODULES = YES;
				CODE_SIGN_IDENTITY = "";
				DEFINES_MODULE = YES;
				DYLIB_COMPATIBILITY_VERSION = 1;
				DYLIB_CURRENT_VERSION = 1;
				DYLIB_INSTALL_NAME_BASE = "@rpath";
				INFOPLIST_FILE = "Sources/Info-tvOS.plist";
				INSTALL_PATH = "$(LOCAL_LIBRARY_DIR)/Frameworks";
				LD_RUNPATH_SEARCH_PATHS = "$(inherited) @executable_path/Frameworks @loader_path/Frameworks";
				PRODUCT_BUNDLE_IDENTIFIER = "com.rahulkatariya.SwiftDataStructures-tvOS";
				PRODUCT_NAME = SwiftDataStructures;
				SDKROOT = appletvos;
				SKIP_INSTALL = YES;
				SWIFT_OPTIMIZATION_LEVEL = "-Onone";
				SWIFT_VERSION = 3.0;
				TARGETED_DEVICE_FAMILY = 3;
				TVOS_DEPLOYMENT_TARGET = 10.0;
			};
			name = Debug;
		};
		3549BB4F1DA389F300C63030 /* Release */ = {
			isa = XCBuildConfiguration;
			buildSettings = {
				CLANG_ENABLE_MODULES = YES;
				CODE_SIGN_IDENTITY = "";
				DEFINES_MODULE = YES;
				DYLIB_COMPATIBILITY_VERSION = 1;
				DYLIB_CURRENT_VERSION = 1;
				DYLIB_INSTALL_NAME_BASE = "@rpath";
				INFOPLIST_FILE = "Sources/Info-tvOS.plist";
				INSTALL_PATH = "$(LOCAL_LIBRARY_DIR)/Frameworks";
				LD_RUNPATH_SEARCH_PATHS = "$(inherited) @executable_path/Frameworks @loader_path/Frameworks";
				PRODUCT_BUNDLE_IDENTIFIER = "com.rahulkatariya.SwiftDataStructures-tvOS";
				PRODUCT_NAME = SwiftDataStructures;
				SDKROOT = appletvos;
				SKIP_INSTALL = YES;
				SWIFT_VERSION = 3.0;
				TARGETED_DEVICE_FAMILY = 3;
				TVOS_DEPLOYMENT_TARGET = 10.0;
			};
			name = Release;
		};
		3549BB6A1DA38ADB00C63030 /* Debug */ = {
			isa = XCBuildConfiguration;
			buildSettings = {
				ALWAYS_EMBED_SWIFT_STANDARD_LIBRARIES = YES;
				CLANG_ENABLE_MODULES = YES;
				FRAMEWORK_SEARCH_PATHS = (
					"$(inherited)",
					"$(PROJECT_DIR)/Carthage/Build/iOS",
				);
				INFOPLIST_FILE = Tests/Info.plist;
				LD_RUNPATH_SEARCH_PATHS = "$(inherited) @executable_path/Frameworks @loader_path/Frameworks";
				PRODUCT_BUNDLE_IDENTIFIER = "com.rahulkatariya.SwiftDataStructuresTests-iOS";
				PRODUCT_NAME = "$(TARGET_NAME)";
				SWIFT_OPTIMIZATION_LEVEL = "-Onone";
				SWIFT_VERSION = 3.0;
			};
			name = Debug;
		};
		3549BB6B1DA38ADB00C63030 /* Release */ = {
			isa = XCBuildConfiguration;
			buildSettings = {
				ALWAYS_EMBED_SWIFT_STANDARD_LIBRARIES = YES;
				CLANG_ENABLE_MODULES = YES;
				FRAMEWORK_SEARCH_PATHS = (
					"$(inherited)",
					"$(PROJECT_DIR)/Carthage/Build/iOS",
				);
				INFOPLIST_FILE = Tests/Info.plist;
				LD_RUNPATH_SEARCH_PATHS = "$(inherited) @executable_path/Frameworks @loader_path/Frameworks";
				PRODUCT_BUNDLE_IDENTIFIER = "com.rahulkatariya.SwiftDataStructuresTests-iOS";
				PRODUCT_NAME = "$(TARGET_NAME)";
				SWIFT_VERSION = 3.0;
			};
			name = Release;
		};
		3549BB791DA38AEF00C63030 /* Debug */ = {
			isa = XCBuildConfiguration;
			buildSettings = {
				ALWAYS_EMBED_SWIFT_STANDARD_LIBRARIES = YES;
				CLANG_ENABLE_MODULES = YES;
				FRAMEWORK_SEARCH_PATHS = (
					"$(inherited)",
					"$(PROJECT_DIR)/Carthage/Build/tvOS",
				);
				INFOPLIST_FILE = "Tests/Info-tvOS.plist";
				LD_RUNPATH_SEARCH_PATHS = "$(inherited) @executable_path/Frameworks @loader_path/Frameworks";
				PRODUCT_BUNDLE_IDENTIFIER = "com.rahulkatariya.SwiftDataStructuresTests-tvOS";
				PRODUCT_NAME = "$(TARGET_NAME)";
				SDKROOT = appletvos;
				SWIFT_OPTIMIZATION_LEVEL = "-Onone";
				SWIFT_VERSION = 3.0;
				TVOS_DEPLOYMENT_TARGET = 10.0;
			};
			name = Debug;
		};
		3549BB7A1DA38AEF00C63030 /* Release */ = {
			isa = XCBuildConfiguration;
			buildSettings = {
				ALWAYS_EMBED_SWIFT_STANDARD_LIBRARIES = YES;
				CLANG_ENABLE_MODULES = YES;
				FRAMEWORK_SEARCH_PATHS = (
					"$(inherited)",
					"$(PROJECT_DIR)/Carthage/Build/tvOS",
				);
				INFOPLIST_FILE = "Tests/Info-tvOS.plist";
				LD_RUNPATH_SEARCH_PATHS = "$(inherited) @executable_path/Frameworks @loader_path/Frameworks";
				PRODUCT_BUNDLE_IDENTIFIER = "com.rahulkatariya.SwiftDataStructuresTests-tvOS";
				PRODUCT_NAME = "$(TARGET_NAME)";
				SDKROOT = appletvos;
				SWIFT_VERSION = 3.0;
				TVOS_DEPLOYMENT_TARGET = 10.0;
			};
			name = Release;
		};
		3549BB881DA38B0000C63030 /* Debug */ = {
			isa = XCBuildConfiguration;
			buildSettings = {
				ALWAYS_EMBED_SWIFT_STANDARD_LIBRARIES = YES;
				CLANG_ENABLE_MODULES = YES;
				CODE_SIGN_IDENTITY = "-";
				COMBINE_HIDPI_IMAGES = YES;
				FRAMEWORK_SEARCH_PATHS = (
					"$(inherited)",
					"$(PROJECT_DIR)/Carthage/Build/Mac",
				);
				INFOPLIST_FILE = Tests/Info.plist;
				LD_RUNPATH_SEARCH_PATHS = "$(inherited) @executable_path/../Frameworks @loader_path/../Frameworks";
				MACOSX_DEPLOYMENT_TARGET = 10.10;
				PRODUCT_BUNDLE_IDENTIFIER = "com.rahulkatariya.SwiftDataStructuresTests-macOS";
				PRODUCT_NAME = "$(TARGET_NAME)";
				SDKROOT = macosx;
				SWIFT_OPTIMIZATION_LEVEL = "-Onone";
				SWIFT_VERSION = 3.0;
			};
			name = Debug;
		};
		3549BB891DA38B0000C63030 /* Release */ = {
			isa = XCBuildConfiguration;
			buildSettings = {
				ALWAYS_EMBED_SWIFT_STANDARD_LIBRARIES = YES;
				CLANG_ENABLE_MODULES = YES;
				CODE_SIGN_IDENTITY = "-";
				COMBINE_HIDPI_IMAGES = YES;
				FRAMEWORK_SEARCH_PATHS = (
					"$(inherited)",
					"$(PROJECT_DIR)/Carthage/Build/Mac",
				);
				INFOPLIST_FILE = Tests/Info.plist;
				LD_RUNPATH_SEARCH_PATHS = "$(inherited) @executable_path/../Frameworks @loader_path/../Frameworks";
				MACOSX_DEPLOYMENT_TARGET = 10.10;
				PRODUCT_BUNDLE_IDENTIFIER = "com.rahulkatariya.SwiftDataStructuresTests-macOS";
				PRODUCT_NAME = "$(TARGET_NAME)";
				SDKROOT = macosx;
				SWIFT_VERSION = 3.0;
			};
			name = Release;
		};
/* End XCBuildConfiguration section */

/* Begin XCConfigurationList section */
		3549BAFF1DA387DB00C63030 /* Build configuration list for PBXProject "SwiftDataStructures" */ = {
			isa = XCConfigurationList;
			buildConfigurations = (
				3549BB0B1DA387DB00C63030 /* Debug */,
				3549BB0C1DA387DB00C63030 /* Release */,
			);
			defaultConfigurationIsVisible = 0;
			defaultConfigurationName = Release;
		};
		3549BB261DA389CD00C63030 /* Build configuration list for PBXNativeTarget "SwiftDataStructures-iOS" */ = {
			isa = XCConfigurationList;
			buildConfigurations = (
				3549BB271DA389CD00C63030 /* Debug */,
				3549BB281DA389CD00C63030 /* Release */,
			);
			defaultConfigurationIsVisible = 0;
			defaultConfigurationName = Release;
		};
		3549BB331DA389DB00C63030 /* Build configuration list for PBXNativeTarget "SwiftDataStructures-watchOS" */ = {
			isa = XCConfigurationList;
			buildConfigurations = (
				3549BB341DA389DB00C63030 /* Debug */,
				3549BB351DA389DB00C63030 /* Release */,
			);
			defaultConfigurationIsVisible = 0;
			defaultConfigurationName = Release;
		};
		3549BB401DA389E800C63030 /* Build configuration list for PBXNativeTarget "SwiftDataStructures-macOS" */ = {
			isa = XCConfigurationList;
			buildConfigurations = (
				3549BB411DA389E800C63030 /* Debug */,
				3549BB421DA389E800C63030 /* Release */,
			);
			defaultConfigurationIsVisible = 0;
			defaultConfigurationName = Release;
		};
		3549BB4D1DA389F300C63030 /* Build configuration list for PBXNativeTarget "SwiftDataStructures-tvOS" */ = {
			isa = XCConfigurationList;
			buildConfigurations = (
				3549BB4E1DA389F300C63030 /* Debug */,
				3549BB4F1DA389F300C63030 /* Release */,
			);
			defaultConfigurationIsVisible = 0;
			defaultConfigurationName = Release;
		};
		3549BB691DA38ADB00C63030 /* Build configuration list for PBXNativeTarget "SwiftDataStructuresTests-iOS" */ = {
			isa = XCConfigurationList;
			buildConfigurations = (
				3549BB6A1DA38ADB00C63030 /* Debug */,
				3549BB6B1DA38ADB00C63030 /* Release */,
			);
			defaultConfigurationIsVisible = 0;
			defaultConfigurationName = Release;
		};
		3549BB781DA38AEF00C63030 /* Build configuration list for PBXNativeTarget "SwiftDataStructuresTests-tvOS" */ = {
			isa = XCConfigurationList;
			buildConfigurations = (
				3549BB791DA38AEF00C63030 /* Debug */,
				3549BB7A1DA38AEF00C63030 /* Release */,
			);
			defaultConfigurationIsVisible = 0;
			defaultConfigurationName = Release;
		};
		3549BB871DA38B0000C63030 /* Build configuration list for PBXNativeTarget "SwiftDataStructuresTests-macOS" */ = {
			isa = XCConfigurationList;
			buildConfigurations = (
				3549BB881DA38B0000C63030 /* Debug */,
				3549BB891DA38B0000C63030 /* Release */,
			);
			defaultConfigurationIsVisible = 0;
			defaultConfigurationName = Release;
		};
/* End XCConfigurationList section */
	};
	rootObject = 3549BAFC1DA387DB00C63030 /* Project object */;
}
